
Microsoft Visual Studio Solution File, Format Version 12.00
# Visual Studio Version 16
VisualStudioVersion = 16.0.30114.105
MinimumVisualStudioVersion = 10.0.40219.1
Project("{2150E333-8FDC-42A3-9474-1A3956D46DE8}") = "WPF", "WPF", "{F0944B2B-CC93-4AA7-92FC-6FCB23701790}"
EndProject
Project("{FAE04EC0-301F-11D3-BF4B-00C04F79EFBC}") = "200602-Clock", "200602-Clock\200602-Clock.csproj", "{59662D02-119C-4875-A3F5-92FA35FD8BC2}"
EndProject
Project("{FAE04EC0-301F-11D3-BF4B-00C04F79EFBC}") = "200602-Exo10-ProgressBarBW", "200602-Exo10-ProgressBarBW\200602-Exo10-ProgressBarBW.csproj", "{13D86E34-C92C-4F00-B1D2-54E555D7BA11}"
EndProject
Project("{FAE04EC0-301F-11D3-BF4B-00C04F79EFBC}") = "200602-JournalistsAndPrinters", "200602-JournalistsAndPrinters\200602-JournalistsAndPrinters.csproj", "{AEC246A1-91CB-4414-9BC7-87D63D47E3B0}"
EndProject
Project("{FAE04EC0-301F-11D3-BF4B-00C04F79EFBC}") = "200603-ChatMessenger", "200603-ChatMessenger\200603-ChatMessenger.csproj", "{C29CAA62-A324-48B2-90C3-794013C35B52}"
EndProject
Project("{2150E333-8FDC-42A3-9474-1A3956D46DE8}") = "Xamarin", "Xamarin", "{ABFF1733-0C57-4380-861E-720A0A1EF248}"
EndProject
Project("{FAE04EC0-301F-11D3-BF4B-00C04F79EFBC}") = "200608-AwesomeApp.Android", "200608-AwesomeApp\200608-AwesomeApp.Android\200608-AwesomeApp.Android.csproj", "{B996A7AA-D3C8-4EF4-81CD-0412D21D0DCE}"
EndProject
Project("{FAE04EC0-301F-11D3-BF4B-00C04F79EFBC}") = "200608-AwesomeApp.iOS", "200608-AwesomeApp\200608-AwesomeApp.iOS\200608-AwesomeApp.iOS.csproj", "{E61AA9CA-6F8C-4A34-9FDB-5EAB5B61FB64}"
EndProject
Project("{9A19103F-16F7-4668-BE54-9A1E7A4F7556}") = "200608-AwesomeApp", "200608-AwesomeApp\200608-AwesomeApp\200608-AwesomeApp.csproj", "{9E140C0C-CDE7-4CC3-832A-76906E27B978}"
EndProject
Project("{FAE04EC0-301F-11D3-BF4B-00C04F79EFBC}") = "200608-StackLayout.Android", "200608-StackLayout\200608-StackLayout.Android\200608-StackLayout.Android.csproj", "{3F3DBF5C-7A9B-494A-8215-D84CAC9FD370}"
EndProject
Project("{FAE04EC0-301F-11D3-BF4B-00C04F79EFBC}") = "200608-StackLayout.iOS", "200608-StackLayout\200608-StackLayout.iOS\200608-StackLayout.iOS.csproj", "{287A8056-3989-4024-9D71-F1600BDC5288}"
EndProject
Project("{9A19103F-16F7-4668-BE54-9A1E7A4F7556}") = "200608-StackLayout", "200608-StackLayout\200608-StackLayout\200608-StackLayout.csproj", "{612629F3-80ED-4E35-9680-8B17FBEFC02A}"
EndProject
Project("{FAE04EC0-301F-11D3-BF4B-00C04F79EFBC}") = "200608-Label.Android", "200608-Label\200608-Label.Android\200608-Label.Android.csproj", "{2DBFFD80-F022-43CB-986B-8FFA81E0D547}"
EndProject
Project("{FAE04EC0-301F-11D3-BF4B-00C04F79EFBC}") = "200608-Label.iOS", "200608-Label\200608-Label.iOS\200608-Label.iOS.csproj", "{AD9D15E9-6971-4BD2-8908-B0070DA359F4}"
EndProject
Project("{9A19103F-16F7-4668-BE54-9A1E7A4F7556}") = "200608-Label", "200608-Label\200608-Label\200608-Label.csproj", "{5D60597E-DABE-46EE-8733-A86DA81AEE89}"
EndProject
Project("{FAE04EC0-301F-11D3-BF4B-00C04F79EFBC}") = "200806-Button.Android", "200806-Button\200806-Button.Android\200806-Button.Android.csproj", "{C645E5AD-1251-4048-B1A9-1F8DE6C5AC25}"
EndProject
Project("{FAE04EC0-301F-11D3-BF4B-00C04F79EFBC}") = "200806-Button.iOS", "200806-Button\200806-Button.iOS\200806-Button.iOS.csproj", "{E86C1082-B627-46B4-B92B-E941395266D8}"
EndProject
Project("{9A19103F-16F7-4668-BE54-9A1E7A4F7556}") = "200806-Button", "200806-Button\200806-Button\200806-Button.csproj", "{7C3C3F1A-45E4-46E8-A71D-230CD164F177}"
EndProject
Project("{FAE04EC0-301F-11D3-BF4B-00C04F79EFBC}") = "200608-Entry.Android", "200608-Entry\200608-Entry.Android\200608-Entry.Android.csproj", "{77F8D75A-5503-44F0-ABC1-92B3EF2577EA}"
EndProject
Project("{FAE04EC0-301F-11D3-BF4B-00C04F79EFBC}") = "200608-Entry.iOS", "200608-Entry\200608-Entry.iOS\200608-Entry.iOS.csproj", "{69A1D482-9960-4606-9E85-26FB2E679AE8}"
EndProject
Project("{9A19103F-16F7-4668-BE54-9A1E7A4F7556}") = "200608-Entry", "200608-Entry\200608-Entry\200608-Entry.csproj", "{839849E6-999E-4643-B6CC-25CA8D854F9F}"
EndProject
Project("{FAE04EC0-301F-11D3-BF4B-00C04F79EFBC}") = "EditorTutorial.Android", "EditorTutorial\EditorTutorial.Android\EditorTutorial.Android.csproj", "{F963E2C4-3743-4263-8BFF-EB29A633FF3D}"
EndProject
Project("{FAE04EC0-301F-11D3-BF4B-00C04F79EFBC}") = "EditorTutorial.iOS", "EditorTutorial\EditorTutorial.iOS\EditorTutorial.iOS.csproj", "{48EA721A-D978-423F-815F-DA10095AFD34}"
EndProject
Project("{9A19103F-16F7-4668-BE54-9A1E7A4F7556}") = "EditorTutorial", "EditorTutorial\EditorTutorial\EditorTutorial.csproj", "{73DBC0DB-81EF-4CAA-B9CF-478080C262AB}"
EndProject
Project("{2150E333-8FDC-42A3-9474-1A3956D46DE8}") = "200611", "200611", "{6CD05DB7-514F-40AD-859A-284999327CC9}"
EndProject
Project("{2150E333-8FDC-42A3-9474-1A3956D46DE8}") = "200608", "200608", "{B9BDD7EC-4A4B-49D7-8211-B4484E95DF67}"
EndProject
Project("{FAE04EC0-301F-11D3-BF4B-00C04F79EFBC}") = "ImageTutorial.Android", "ImageTutorial\ImageTutorial.Android\ImageTutorial.Android.csproj", "{1B56618A-9CCA-4980-976A-2871612E3150}"
EndProject
Project("{FAE04EC0-301F-11D3-BF4B-00C04F79EFBC}") = "ImageTutorial.iOS", "ImageTutorial\ImageTutorial.iOS\ImageTutorial.iOS.csproj", "{7366C249-E650-48DF-BCC7-B54550D9E98A}"
EndProject
Project("{9A19103F-16F7-4668-BE54-9A1E7A4F7556}") = "ImageTutorial", "ImageTutorial\ImageTutorial\ImageTutorial.csproj", "{2C265E53-D564-43F6-92FB-F47F98E5D84F}"
EndProject
Project("{FAE04EC0-301F-11D3-BF4B-00C04F79EFBC}") = "GridTutorial.Android", "GridTutorial\GridTutorial.Android\GridTutorial.Android.csproj", "{99DAC8A4-AD5B-45A7-9905-EBC899D706F3}"
EndProject
Project("{FAE04EC0-301F-11D3-BF4B-00C04F79EFBC}") = "GridTutorial.iOS", "GridTutorial\GridTutorial.iOS\GridTutorial.iOS.csproj", "{578BB108-57FF-443A-8475-103AFA30E710}"
EndProject
Project("{9A19103F-16F7-4668-BE54-9A1E7A4F7556}") = "GridTutorial", "GridTutorial\GridTutorial\GridTutorial.csproj", "{2E4C0B95-C277-4A92-92BE-8137B6D0E67C}"
EndProject
Project("{FAE04EC0-301F-11D3-BF4B-00C04F79EFBC}") = "ListViewTutorial.Android", "ListViewTutorial\ListViewTutorial.Android\ListViewTutorial.Android.csproj", "{2D98F455-2DEB-48ED-BCA6-A18D476872B7}"
EndProject
Project("{FAE04EC0-301F-11D3-BF4B-00C04F79EFBC}") = "ListViewTutorial.iOS", "ListViewTutorial\ListViewTutorial.iOS\ListViewTutorial.iOS.csproj", "{4BD236C2-94B7-42F5-AE7E-78410B671CCB}"
EndProject
Project("{9A19103F-16F7-4668-BE54-9A1E7A4F7556}") = "ListViewTutorial", "ListViewTutorial\ListViewTutorial\ListViewTutorial.csproj", "{07F81149-CB37-4FFE-B8E0-383AC806B42B}"
EndProject
Project("{FAE04EC0-301F-11D3-BF4B-00C04F79EFBC}") = "PopupsTutorial.Android", "PopupsTutorial\PopupsTutorial.Android\PopupsTutorial.Android.csproj", "{600723D6-D559-4E2E-9D3C-ED0E433569A3}"
EndProject
Project("{FAE04EC0-301F-11D3-BF4B-00C04F79EFBC}") = "PopupsTutorial.iOS", "PopupsTutorial\PopupsTutorial.iOS\PopupsTutorial.iOS.csproj", "{BF5AE1D6-0366-45C1-A246-E38D2014D78C}"
EndProject
Project("{9A19103F-16F7-4668-BE54-9A1E7A4F7556}") = "PopupsTutorial", "PopupsTutorial\PopupsTutorial\PopupsTutorial.csproj", "{5E88D62B-7E6D-4889-915D-CD2CE17AFC8F}"
EndProject
Project("{FAE04EC0-301F-11D3-BF4B-00C04F79EFBC}") = "WebServiceTutorial.Android", "WebServiceTutorial\WebServiceTutorial.Android\WebServiceTutorial.Android.csproj", "{B5B8CC12-F280-4490-9311-63076D7974D8}"
EndProject
Project("{FAE04EC0-301F-11D3-BF4B-00C04F79EFBC}") = "WebServiceTutorial.iOS", "WebServiceTutorial\WebServiceTutorial.iOS\WebServiceTutorial.iOS.csproj", "{9AE1E98C-4576-445E-A429-45E090DD780A}"
EndProject
Project("{9A19103F-16F7-4668-BE54-9A1E7A4F7556}") = "WebServiceTutorial", "WebServiceTutorial\WebServiceTutorial\WebServiceTutorial.csproj", "{1109E0E4-ABE7-4DA2-AA33-5DE575F4FE7A}"
EndProject
Project("{2150E333-8FDC-42A3-9474-1A3956D46DE8}") = "200612", "200612", "{77EE7624-39BE-4629-A3F2-5336DD4B71DF}"
EndProject
Project("{FAE04EC0-301F-11D3-BF4B-00C04F79EFBC}") = "appLifecycleTutorial.Android", "appLifecycleTutorial\appLifecycleTutorial.Android\appLifecycleTutorial.Android.csproj", "{D952944C-A22B-40EF-ABCB-12AFD2E12372}"
EndProject
Project("{FAE04EC0-301F-11D3-BF4B-00C04F79EFBC}") = "appLifecycleTutorial.iOS", "appLifecycleTutorial\appLifecycleTutorial.iOS\appLifecycleTutorial.iOS.csproj", "{443704E0-0C81-444D-A43A-446B0E6FFE9F}"
EndProject
Project("{9A19103F-16F7-4668-BE54-9A1E7A4F7556}") = "appLifecycleTutorial", "appLifecycleTutorial\appLifecycleTutorial\appLifecycleTutorial.csproj", "{9CD7E0AF-FA44-4292-B7FB-03745EEB586B}"
EndProject
Project("{FAE04EC0-301F-11D3-BF4B-00C04F79EFBC}") = "LocalDatabaseTutorial.Android", "LocalDatabaseTutorial\LocalDatabaseTutorial.Android\LocalDatabaseTutorial.Android.csproj", "{3469864E-BB5E-4E60-A94E-2C6B713AF645}"
EndProject
Project("{FAE04EC0-301F-11D3-BF4B-00C04F79EFBC}") = "LocalDatabaseTutorial.iOS", "LocalDatabaseTutorial\LocalDatabaseTutorial.iOS\LocalDatabaseTutorial.iOS.csproj", "{20F2BA30-65F7-449D-A49A-343FB391EEB8}"
EndProject
Project("{9A19103F-16F7-4668-BE54-9A1E7A4F7556}") = "LocalDatabaseTutorial", "LocalDatabaseTutorial\LocalDatabaseTutorial\LocalDatabaseTutorial.csproj", "{7DDCCB32-6E74-44CC-AEEA-BB76F297937B}"
EndProject
Project("{2150E333-8FDC-42A3-9474-1A3956D46DE8}") = "200614", "200614", "{ADCCB187-C603-4DD4-85B2-250CD736C73E}"
EndProject
Project("{FAE04EC0-301F-11D3-BF4B-00C04F79EFBC}") = "Notes.Android", "Notes\Notes.Android\Notes.Android.csproj", "{2FD409FC-782D-4DD2-B82E-059D3E3456FF}"
EndProject
Project("{FAE04EC0-301F-11D3-BF4B-00C04F79EFBC}") = "Notes.iOS", "Notes\Notes.iOS\Notes.iOS.csproj", "{78D6CAF6-4E78-4A13-8348-EA54F232715D}"
EndProject
Project("{9A19103F-16F7-4668-BE54-9A1E7A4F7556}") = "Notes", "Notes\Notes\Notes.csproj", "{D32E6440-7F53-4443-80DD-33DC9FBFFBF6}"
EndProject
Project("{FAE04EC0-301F-11D3-BF4B-00C04F79EFBC}") = "NotesMultiPage.Android", "NotesMultiPage\NotesMultiPage.Android\NotesMultiPage.Android.csproj", "{66484CA8-09BB-4C23-8D62-24AA8579FBC1}"
EndProject
Project("{FAE04EC0-301F-11D3-BF4B-00C04F79EFBC}") = "NotesMultiPage.iOS", "NotesMultiPage\NotesMultiPage.iOS\NotesMultiPage.iOS.csproj", "{392BED18-47B3-4C1A-9300-6E160B2369B7}"
EndProject
Project("{9A19103F-16F7-4668-BE54-9A1E7A4F7556}") = "NotesMultiPage", "NotesMultiPage\NotesMultiPage\NotesMultiPage.csproj", "{48F1E467-87AF-4031-AF0C-E34B83FECE75}"
EndProject
Project("{FAE04EC0-301F-11D3-BF4B-00C04F79EFBC}") = "NotesSQLite.Android", "NotesSQLite\NotesSQLite.Android\NotesSQLite.Android.csproj", "{F4FCFC60-6EE0-4F30-AB17-96505D2B9C41}"
EndProject
Project("{FAE04EC0-301F-11D3-BF4B-00C04F79EFBC}") = "NotesSQLite.iOS", "NotesSQLite\NotesSQLite.iOS\NotesSQLite.iOS.csproj", "{A284C758-E775-467D-BAEB-D9EDD8227534}"
EndProject
Project("{9A19103F-16F7-4668-BE54-9A1E7A4F7556}") = "NotesSQLite", "NotesSQLite\NotesSQLite\NotesSQLite.csproj", "{E6374BDE-5477-4BDD-A07C-5A8F4525B8D6}"
EndProject
Project("{2150E333-8FDC-42A3-9474-1A3956D46DE8}") = "Testing", "Testing", "{3B651D0D-101F-4E9E-BE73-0111A55B37E8}"
EndProject
Project("{9A19103F-16F7-4668-BE54-9A1E7A4F7556}") = "MyMath", "MyMath\MyMath.csproj", "{AE8431A4-59B0-4B90-AA75-55FD3A79A2EF}"
EndProject
Project("{9A19103F-16F7-4668-BE54-9A1E7A4F7556}") = "MathTests", "MathTests\MathTests.csproj", "{C75DB39B-8D45-4C35-93B8-2E154673D438}"
EndProject
Project("{FAE04EC0-301F-11D3-BF4B-00C04F79EFBC}") = "Bank", "Bank\Bank.csproj", "{0C6E1626-7EFE-40BC-BEAA-E932FF37F282}"
EndProject
Project("{FAE04EC0-301F-11D3-BF4B-00C04F79EFBC}") = "BankTest", "BankTest\BankTest.csproj", "{6AEAE850-0FB3-427E-B027-357355CBCC7E}"
EndProject
Global
	GlobalSection(SolutionConfigurationPlatforms) = preSolution
		Debug|Any CPU = Debug|Any CPU
		Debug|iPhone = Debug|iPhone
		Debug|iPhoneSimulator = Debug|iPhoneSimulator
		Release|Any CPU = Release|Any CPU
		Release|iPhone = Release|iPhone
		Release|iPhoneSimulator = Release|iPhoneSimulator
	EndGlobalSection
	GlobalSection(ProjectConfigurationPlatforms) = postSolution
		{59662D02-119C-4875-A3F5-92FA35FD8BC2}.Debug|Any CPU.ActiveCfg = Debug|Any CPU
		{59662D02-119C-4875-A3F5-92FA35FD8BC2}.Debug|Any CPU.Build.0 = Debug|Any CPU
		{59662D02-119C-4875-A3F5-92FA35FD8BC2}.Debug|iPhone.ActiveCfg = Debug|Any CPU
		{59662D02-119C-4875-A3F5-92FA35FD8BC2}.Debug|iPhoneSimulator.ActiveCfg = Debug|Any CPU
		{59662D02-119C-4875-A3F5-92FA35FD8BC2}.Release|Any CPU.ActiveCfg = Release|Any CPU
		{59662D02-119C-4875-A3F5-92FA35FD8BC2}.Release|Any CPU.Build.0 = Release|Any CPU
		{59662D02-119C-4875-A3F5-92FA35FD8BC2}.Release|iPhone.ActiveCfg = Release|Any CPU
		{59662D02-119C-4875-A3F5-92FA35FD8BC2}.Release|iPhoneSimulator.ActiveCfg = Release|Any CPU
		{13D86E34-C92C-4F00-B1D2-54E555D7BA11}.Debug|Any CPU.ActiveCfg = Debug|Any CPU
		{13D86E34-C92C-4F00-B1D2-54E555D7BA11}.Debug|Any CPU.Build.0 = Debug|Any CPU
		{13D86E34-C92C-4F00-B1D2-54E555D7BA11}.Debug|iPhone.ActiveCfg = Debug|Any CPU
		{13D86E34-C92C-4F00-B1D2-54E555D7BA11}.Debug|iPhoneSimulator.ActiveCfg = Debug|Any CPU
		{13D86E34-C92C-4F00-B1D2-54E555D7BA11}.Release|Any CPU.ActiveCfg = Release|Any CPU
		{13D86E34-C92C-4F00-B1D2-54E555D7BA11}.Release|Any CPU.Build.0 = Release|Any CPU
		{13D86E34-C92C-4F00-B1D2-54E555D7BA11}.Release|iPhone.ActiveCfg = Release|Any CPU
		{13D86E34-C92C-4F00-B1D2-54E555D7BA11}.Release|iPhoneSimulator.ActiveCfg = Release|Any CPU
		{AEC246A1-91CB-4414-9BC7-87D63D47E3B0}.Debug|Any CPU.ActiveCfg = Debug|Any CPU
		{AEC246A1-91CB-4414-9BC7-87D63D47E3B0}.Debug|Any CPU.Build.0 = Debug|Any CPU
		{AEC246A1-91CB-4414-9BC7-87D63D47E3B0}.Debug|iPhone.ActiveCfg = Debug|Any CPU
		{AEC246A1-91CB-4414-9BC7-87D63D47E3B0}.Debug|iPhone.Build.0 = Debug|Any CPU
		{AEC246A1-91CB-4414-9BC7-87D63D47E3B0}.Debug|iPhoneSimulator.ActiveCfg = Debug|Any CPU
		{AEC246A1-91CB-4414-9BC7-87D63D47E3B0}.Debug|iPhoneSimulator.Build.0 = Debug|Any CPU
		{AEC246A1-91CB-4414-9BC7-87D63D47E3B0}.Release|Any CPU.ActiveCfg = Release|Any CPU
		{AEC246A1-91CB-4414-9BC7-87D63D47E3B0}.Release|Any CPU.Build.0 = Release|Any CPU
		{AEC246A1-91CB-4414-9BC7-87D63D47E3B0}.Release|iPhone.ActiveCfg = Release|Any CPU
		{AEC246A1-91CB-4414-9BC7-87D63D47E3B0}.Release|iPhone.Build.0 = Release|Any CPU
		{AEC246A1-91CB-4414-9BC7-87D63D47E3B0}.Release|iPhoneSimulator.ActiveCfg = Release|Any CPU
		{AEC246A1-91CB-4414-9BC7-87D63D47E3B0}.Release|iPhoneSimulator.Build.0 = Release|Any CPU
		{C29CAA62-A324-48B2-90C3-794013C35B52}.Debug|Any CPU.ActiveCfg = Debug|Any CPU
		{C29CAA62-A324-48B2-90C3-794013C35B52}.Debug|Any CPU.Build.0 = Debug|Any CPU
		{C29CAA62-A324-48B2-90C3-794013C35B52}.Debug|iPhone.ActiveCfg = Debug|Any CPU
		{C29CAA62-A324-48B2-90C3-794013C35B52}.Debug|iPhone.Build.0 = Debug|Any CPU
		{C29CAA62-A324-48B2-90C3-794013C35B52}.Debug|iPhoneSimulator.ActiveCfg = Debug|Any CPU
		{C29CAA62-A324-48B2-90C3-794013C35B52}.Debug|iPhoneSimulator.Build.0 = Debug|Any CPU
		{C29CAA62-A324-48B2-90C3-794013C35B52}.Release|Any CPU.ActiveCfg = Release|Any CPU
		{C29CAA62-A324-48B2-90C3-794013C35B52}.Release|Any CPU.Build.0 = Release|Any CPU
		{C29CAA62-A324-48B2-90C3-794013C35B52}.Release|iPhone.ActiveCfg = Release|Any CPU
		{C29CAA62-A324-48B2-90C3-794013C35B52}.Release|iPhone.Build.0 = Release|Any CPU
		{C29CAA62-A324-48B2-90C3-794013C35B52}.Release|iPhoneSimulator.ActiveCfg = Release|Any CPU
		{C29CAA62-A324-48B2-90C3-794013C35B52}.Release|iPhoneSimulator.Build.0 = Release|Any CPU
		{B996A7AA-D3C8-4EF4-81CD-0412D21D0DCE}.Debug|Any CPU.ActiveCfg = Debug|Any CPU
		{B996A7AA-D3C8-4EF4-81CD-0412D21D0DCE}.Debug|Any CPU.Deploy.0 = Debug|Any CPU
		{B996A7AA-D3C8-4EF4-81CD-0412D21D0DCE}.Debug|iPhone.ActiveCfg = Debug|Any CPU
		{B996A7AA-D3C8-4EF4-81CD-0412D21D0DCE}.Debug|iPhone.Deploy.0 = Debug|Any CPU
		{B996A7AA-D3C8-4EF4-81CD-0412D21D0DCE}.Debug|iPhoneSimulator.ActiveCfg = Debug|Any CPU
		{B996A7AA-D3C8-4EF4-81CD-0412D21D0DCE}.Debug|iPhoneSimulator.Build.0 = Debug|Any CPU
		{B996A7AA-D3C8-4EF4-81CD-0412D21D0DCE}.Debug|iPhoneSimulator.Deploy.0 = Debug|Any CPU
		{B996A7AA-D3C8-4EF4-81CD-0412D21D0DCE}.Release|Any CPU.ActiveCfg = Release|Any CPU
		{B996A7AA-D3C8-4EF4-81CD-0412D21D0DCE}.Release|Any CPU.Build.0 = Release|Any CPU
		{B996A7AA-D3C8-4EF4-81CD-0412D21D0DCE}.Release|Any CPU.Deploy.0 = Release|Any CPU
		{B996A7AA-D3C8-4EF4-81CD-0412D21D0DCE}.Release|iPhone.ActiveCfg = Release|Any CPU
		{B996A7AA-D3C8-4EF4-81CD-0412D21D0DCE}.Release|iPhone.Build.0 = Release|Any CPU
		{B996A7AA-D3C8-4EF4-81CD-0412D21D0DCE}.Release|iPhone.Deploy.0 = Release|Any CPU
		{B996A7AA-D3C8-4EF4-81CD-0412D21D0DCE}.Release|iPhoneSimulator.ActiveCfg = Release|Any CPU
		{B996A7AA-D3C8-4EF4-81CD-0412D21D0DCE}.Release|iPhoneSimulator.Build.0 = Release|Any CPU
		{B996A7AA-D3C8-4EF4-81CD-0412D21D0DCE}.Release|iPhoneSimulator.Deploy.0 = Release|Any CPU
		{E61AA9CA-6F8C-4A34-9FDB-5EAB5B61FB64}.Debug|Any CPU.ActiveCfg = Debug|iPhone
		{E61AA9CA-6F8C-4A34-9FDB-5EAB5B61FB64}.Debug|iPhone.ActiveCfg = Debug|iPhone
		{E61AA9CA-6F8C-4A34-9FDB-5EAB5B61FB64}.Debug|iPhone.Deploy.0 = Debug|iPhone
		{E61AA9CA-6F8C-4A34-9FDB-5EAB5B61FB64}.Debug|iPhoneSimulator.ActiveCfg = Debug|iPhoneSimulator
		{E61AA9CA-6F8C-4A34-9FDB-5EAB5B61FB64}.Debug|iPhoneSimulator.Build.0 = Debug|iPhoneSimulator
		{E61AA9CA-6F8C-4A34-9FDB-5EAB5B61FB64}.Debug|iPhoneSimulator.Deploy.0 = Debug|iPhoneSimulator
		{E61AA9CA-6F8C-4A34-9FDB-5EAB5B61FB64}.Release|Any CPU.ActiveCfg = Release|iPhone
		{E61AA9CA-6F8C-4A34-9FDB-5EAB5B61FB64}.Release|iPhone.ActiveCfg = Release|iPhone
		{E61AA9CA-6F8C-4A34-9FDB-5EAB5B61FB64}.Release|iPhone.Build.0 = Release|iPhone
		{E61AA9CA-6F8C-4A34-9FDB-5EAB5B61FB64}.Release|iPhone.Deploy.0 = Release|iPhone
		{E61AA9CA-6F8C-4A34-9FDB-5EAB5B61FB64}.Release|iPhoneSimulator.ActiveCfg = Release|iPhoneSimulator
		{E61AA9CA-6F8C-4A34-9FDB-5EAB5B61FB64}.Release|iPhoneSimulator.Build.0 = Release|iPhoneSimulator
		{E61AA9CA-6F8C-4A34-9FDB-5EAB5B61FB64}.Release|iPhoneSimulator.Deploy.0 = Release|iPhoneSimulator
		{9E140C0C-CDE7-4CC3-832A-76906E27B978}.Debug|Any CPU.ActiveCfg = Debug|Any CPU
		{9E140C0C-CDE7-4CC3-832A-76906E27B978}.Debug|iPhone.ActiveCfg = Debug|Any CPU
		{9E140C0C-CDE7-4CC3-832A-76906E27B978}.Debug|iPhoneSimulator.ActiveCfg = Debug|Any CPU
		{9E140C0C-CDE7-4CC3-832A-76906E27B978}.Debug|iPhoneSimulator.Build.0 = Debug|Any CPU
		{9E140C0C-CDE7-4CC3-832A-76906E27B978}.Release|Any CPU.ActiveCfg = Release|Any CPU
		{9E140C0C-CDE7-4CC3-832A-76906E27B978}.Release|Any CPU.Build.0 = Release|Any CPU
		{9E140C0C-CDE7-4CC3-832A-76906E27B978}.Release|iPhone.ActiveCfg = Release|Any CPU
		{9E140C0C-CDE7-4CC3-832A-76906E27B978}.Release|iPhone.Build.0 = Release|Any CPU
		{9E140C0C-CDE7-4CC3-832A-76906E27B978}.Release|iPhoneSimulator.ActiveCfg = Release|Any CPU
		{9E140C0C-CDE7-4CC3-832A-76906E27B978}.Release|iPhoneSimulator.Build.0 = Release|Any CPU
		{3F3DBF5C-7A9B-494A-8215-D84CAC9FD370}.Debug|Any CPU.ActiveCfg = Debug|Any CPU
		{3F3DBF5C-7A9B-494A-8215-D84CAC9FD370}.Debug|Any CPU.Deploy.0 = Debug|Any CPU
		{3F3DBF5C-7A9B-494A-8215-D84CAC9FD370}.Debug|iPhone.ActiveCfg = Debug|Any CPU
		{3F3DBF5C-7A9B-494A-8215-D84CAC9FD370}.Debug|iPhone.Deploy.0 = Debug|Any CPU
		{3F3DBF5C-7A9B-494A-8215-D84CAC9FD370}.Debug|iPhoneSimulator.ActiveCfg = Debug|Any CPU
		{3F3DBF5C-7A9B-494A-8215-D84CAC9FD370}.Debug|iPhoneSimulator.Build.0 = Debug|Any CPU
		{3F3DBF5C-7A9B-494A-8215-D84CAC9FD370}.Debug|iPhoneSimulator.Deploy.0 = Debug|Any CPU
		{3F3DBF5C-7A9B-494A-8215-D84CAC9FD370}.Release|Any CPU.ActiveCfg = Release|Any CPU
		{3F3DBF5C-7A9B-494A-8215-D84CAC9FD370}.Release|Any CPU.Build.0 = Release|Any CPU
		{3F3DBF5C-7A9B-494A-8215-D84CAC9FD370}.Release|Any CPU.Deploy.0 = Release|Any CPU
		{3F3DBF5C-7A9B-494A-8215-D84CAC9FD370}.Release|iPhone.ActiveCfg = Release|Any CPU
		{3F3DBF5C-7A9B-494A-8215-D84CAC9FD370}.Release|iPhone.Build.0 = Release|Any CPU
		{3F3DBF5C-7A9B-494A-8215-D84CAC9FD370}.Release|iPhone.Deploy.0 = Release|Any CPU
		{3F3DBF5C-7A9B-494A-8215-D84CAC9FD370}.Release|iPhoneSimulator.ActiveCfg = Release|Any CPU
		{3F3DBF5C-7A9B-494A-8215-D84CAC9FD370}.Release|iPhoneSimulator.Build.0 = Release|Any CPU
		{3F3DBF5C-7A9B-494A-8215-D84CAC9FD370}.Release|iPhoneSimulator.Deploy.0 = Release|Any CPU
		{287A8056-3989-4024-9D71-F1600BDC5288}.Debug|Any CPU.ActiveCfg = Debug|iPhone
		{287A8056-3989-4024-9D71-F1600BDC5288}.Debug|iPhone.ActiveCfg = Debug|iPhone
		{287A8056-3989-4024-9D71-F1600BDC5288}.Debug|iPhone.Deploy.0 = Debug|iPhone
		{287A8056-3989-4024-9D71-F1600BDC5288}.Debug|iPhoneSimulator.ActiveCfg = Debug|iPhoneSimulator
		{287A8056-3989-4024-9D71-F1600BDC5288}.Debug|iPhoneSimulator.Build.0 = Debug|iPhoneSimulator
		{287A8056-3989-4024-9D71-F1600BDC5288}.Debug|iPhoneSimulator.Deploy.0 = Debug|iPhoneSimulator
		{287A8056-3989-4024-9D71-F1600BDC5288}.Release|Any CPU.ActiveCfg = Release|iPhone
		{287A8056-3989-4024-9D71-F1600BDC5288}.Release|iPhone.ActiveCfg = Release|iPhone
		{287A8056-3989-4024-9D71-F1600BDC5288}.Release|iPhone.Build.0 = Release|iPhone
		{287A8056-3989-4024-9D71-F1600BDC5288}.Release|iPhone.Deploy.0 = Release|iPhone
		{287A8056-3989-4024-9D71-F1600BDC5288}.Release|iPhoneSimulator.ActiveCfg = Release|iPhoneSimulator
		{287A8056-3989-4024-9D71-F1600BDC5288}.Release|iPhoneSimulator.Build.0 = Release|iPhoneSimulator
		{287A8056-3989-4024-9D71-F1600BDC5288}.Release|iPhoneSimulator.Deploy.0 = Release|iPhoneSimulator
		{612629F3-80ED-4E35-9680-8B17FBEFC02A}.Debug|Any CPU.ActiveCfg = Debug|Any CPU
		{612629F3-80ED-4E35-9680-8B17FBEFC02A}.Debug|iPhone.ActiveCfg = Debug|Any CPU
		{612629F3-80ED-4E35-9680-8B17FBEFC02A}.Debug|iPhoneSimulator.ActiveCfg = Debug|Any CPU
		{612629F3-80ED-4E35-9680-8B17FBEFC02A}.Debug|iPhoneSimulator.Build.0 = Debug|Any CPU
		{612629F3-80ED-4E35-9680-8B17FBEFC02A}.Release|Any CPU.ActiveCfg = Release|Any CPU
		{612629F3-80ED-4E35-9680-8B17FBEFC02A}.Release|Any CPU.Build.0 = Release|Any CPU
		{612629F3-80ED-4E35-9680-8B17FBEFC02A}.Release|iPhone.ActiveCfg = Release|Any CPU
		{612629F3-80ED-4E35-9680-8B17FBEFC02A}.Release|iPhone.Build.0 = Release|Any CPU
		{612629F3-80ED-4E35-9680-8B17FBEFC02A}.Release|iPhoneSimulator.ActiveCfg = Release|Any CPU
		{612629F3-80ED-4E35-9680-8B17FBEFC02A}.Release|iPhoneSimulator.Build.0 = Release|Any CPU
		{2DBFFD80-F022-43CB-986B-8FFA81E0D547}.Debug|Any CPU.ActiveCfg = Debug|Any CPU
		{2DBFFD80-F022-43CB-986B-8FFA81E0D547}.Debug|Any CPU.Deploy.0 = Debug|Any CPU
		{2DBFFD80-F022-43CB-986B-8FFA81E0D547}.Debug|iPhone.ActiveCfg = Debug|Any CPU
		{2DBFFD80-F022-43CB-986B-8FFA81E0D547}.Debug|iPhone.Deploy.0 = Debug|Any CPU
		{2DBFFD80-F022-43CB-986B-8FFA81E0D547}.Debug|iPhoneSimulator.ActiveCfg = Debug|Any CPU
		{2DBFFD80-F022-43CB-986B-8FFA81E0D547}.Debug|iPhoneSimulator.Build.0 = Debug|Any CPU
		{2DBFFD80-F022-43CB-986B-8FFA81E0D547}.Debug|iPhoneSimulator.Deploy.0 = Debug|Any CPU
		{2DBFFD80-F022-43CB-986B-8FFA81E0D547}.Release|Any CPU.ActiveCfg = Release|Any CPU
		{2DBFFD80-F022-43CB-986B-8FFA81E0D547}.Release|Any CPU.Build.0 = Release|Any CPU
		{2DBFFD80-F022-43CB-986B-8FFA81E0D547}.Release|Any CPU.Deploy.0 = Release|Any CPU
		{2DBFFD80-F022-43CB-986B-8FFA81E0D547}.Release|iPhone.ActiveCfg = Release|Any CPU
		{2DBFFD80-F022-43CB-986B-8FFA81E0D547}.Release|iPhone.Build.0 = Release|Any CPU
		{2DBFFD80-F022-43CB-986B-8FFA81E0D547}.Release|iPhone.Deploy.0 = Release|Any CPU
		{2DBFFD80-F022-43CB-986B-8FFA81E0D547}.Release|iPhoneSimulator.ActiveCfg = Release|Any CPU
		{2DBFFD80-F022-43CB-986B-8FFA81E0D547}.Release|iPhoneSimulator.Build.0 = Release|Any CPU
		{2DBFFD80-F022-43CB-986B-8FFA81E0D547}.Release|iPhoneSimulator.Deploy.0 = Release|Any CPU
		{AD9D15E9-6971-4BD2-8908-B0070DA359F4}.Debug|Any CPU.ActiveCfg = Debug|iPhone
		{AD9D15E9-6971-4BD2-8908-B0070DA359F4}.Debug|iPhone.ActiveCfg = Debug|iPhone
		{AD9D15E9-6971-4BD2-8908-B0070DA359F4}.Debug|iPhone.Deploy.0 = Debug|iPhone
		{AD9D15E9-6971-4BD2-8908-B0070DA359F4}.Debug|iPhoneSimulator.ActiveCfg = Debug|iPhoneSimulator
		{AD9D15E9-6971-4BD2-8908-B0070DA359F4}.Debug|iPhoneSimulator.Build.0 = Debug|iPhoneSimulator
		{AD9D15E9-6971-4BD2-8908-B0070DA359F4}.Debug|iPhoneSimulator.Deploy.0 = Debug|iPhoneSimulator
		{AD9D15E9-6971-4BD2-8908-B0070DA359F4}.Release|Any CPU.ActiveCfg = Release|iPhone
		{AD9D15E9-6971-4BD2-8908-B0070DA359F4}.Release|iPhone.ActiveCfg = Release|iPhone
		{AD9D15E9-6971-4BD2-8908-B0070DA359F4}.Release|iPhone.Build.0 = Release|iPhone
		{AD9D15E9-6971-4BD2-8908-B0070DA359F4}.Release|iPhone.Deploy.0 = Release|iPhone
		{AD9D15E9-6971-4BD2-8908-B0070DA359F4}.Release|iPhoneSimulator.ActiveCfg = Release|iPhoneSimulator
		{AD9D15E9-6971-4BD2-8908-B0070DA359F4}.Release|iPhoneSimulator.Build.0 = Release|iPhoneSimulator
		{AD9D15E9-6971-4BD2-8908-B0070DA359F4}.Release|iPhoneSimulator.Deploy.0 = Release|iPhoneSimulator
		{5D60597E-DABE-46EE-8733-A86DA81AEE89}.Debug|Any CPU.ActiveCfg = Debug|Any CPU
		{5D60597E-DABE-46EE-8733-A86DA81AEE89}.Debug|iPhone.ActiveCfg = Debug|Any CPU
		{5D60597E-DABE-46EE-8733-A86DA81AEE89}.Debug|iPhoneSimulator.ActiveCfg = Debug|Any CPU
		{5D60597E-DABE-46EE-8733-A86DA81AEE89}.Debug|iPhoneSimulator.Build.0 = Debug|Any CPU
		{5D60597E-DABE-46EE-8733-A86DA81AEE89}.Release|Any CPU.ActiveCfg = Release|Any CPU
		{5D60597E-DABE-46EE-8733-A86DA81AEE89}.Release|Any CPU.Build.0 = Release|Any CPU
		{5D60597E-DABE-46EE-8733-A86DA81AEE89}.Release|iPhone.ActiveCfg = Release|Any CPU
		{5D60597E-DABE-46EE-8733-A86DA81AEE89}.Release|iPhone.Build.0 = Release|Any CPU
		{5D60597E-DABE-46EE-8733-A86DA81AEE89}.Release|iPhoneSimulator.ActiveCfg = Release|Any CPU
		{5D60597E-DABE-46EE-8733-A86DA81AEE89}.Release|iPhoneSimulator.Build.0 = Release|Any CPU
		{C645E5AD-1251-4048-B1A9-1F8DE6C5AC25}.Debug|Any CPU.ActiveCfg = Debug|Any CPU
		{C645E5AD-1251-4048-B1A9-1F8DE6C5AC25}.Debug|Any CPU.Deploy.0 = Debug|Any CPU
		{C645E5AD-1251-4048-B1A9-1F8DE6C5AC25}.Debug|iPhone.ActiveCfg = Debug|Any CPU
		{C645E5AD-1251-4048-B1A9-1F8DE6C5AC25}.Debug|iPhone.Deploy.0 = Debug|Any CPU
		{C645E5AD-1251-4048-B1A9-1F8DE6C5AC25}.Debug|iPhoneSimulator.ActiveCfg = Debug|Any CPU
		{C645E5AD-1251-4048-B1A9-1F8DE6C5AC25}.Debug|iPhoneSimulator.Build.0 = Debug|Any CPU
		{C645E5AD-1251-4048-B1A9-1F8DE6C5AC25}.Debug|iPhoneSimulator.Deploy.0 = Debug|Any CPU
		{C645E5AD-1251-4048-B1A9-1F8DE6C5AC25}.Release|Any CPU.ActiveCfg = Release|Any CPU
		{C645E5AD-1251-4048-B1A9-1F8DE6C5AC25}.Release|Any CPU.Build.0 = Release|Any CPU
		{C645E5AD-1251-4048-B1A9-1F8DE6C5AC25}.Release|Any CPU.Deploy.0 = Release|Any CPU
		{C645E5AD-1251-4048-B1A9-1F8DE6C5AC25}.Release|iPhone.ActiveCfg = Release|Any CPU
		{C645E5AD-1251-4048-B1A9-1F8DE6C5AC25}.Release|iPhone.Build.0 = Release|Any CPU
		{C645E5AD-1251-4048-B1A9-1F8DE6C5AC25}.Release|iPhone.Deploy.0 = Release|Any CPU
		{C645E5AD-1251-4048-B1A9-1F8DE6C5AC25}.Release|iPhoneSimulator.ActiveCfg = Release|Any CPU
		{C645E5AD-1251-4048-B1A9-1F8DE6C5AC25}.Release|iPhoneSimulator.Build.0 = Release|Any CPU
		{C645E5AD-1251-4048-B1A9-1F8DE6C5AC25}.Release|iPhoneSimulator.Deploy.0 = Release|Any CPU
		{E86C1082-B627-46B4-B92B-E941395266D8}.Debug|Any CPU.ActiveCfg = Debug|iPhone
		{E86C1082-B627-46B4-B92B-E941395266D8}.Debug|iPhone.ActiveCfg = Debug|iPhone
		{E86C1082-B627-46B4-B92B-E941395266D8}.Debug|iPhone.Deploy.0 = Debug|iPhone
		{E86C1082-B627-46B4-B92B-E941395266D8}.Debug|iPhoneSimulator.ActiveCfg = Debug|iPhoneSimulator
		{E86C1082-B627-46B4-B92B-E941395266D8}.Debug|iPhoneSimulator.Build.0 = Debug|iPhoneSimulator
		{E86C1082-B627-46B4-B92B-E941395266D8}.Debug|iPhoneSimulator.Deploy.0 = Debug|iPhoneSimulator
		{E86C1082-B627-46B4-B92B-E941395266D8}.Release|Any CPU.ActiveCfg = Release|iPhone
		{E86C1082-B627-46B4-B92B-E941395266D8}.Release|iPhone.ActiveCfg = Release|iPhone
		{E86C1082-B627-46B4-B92B-E941395266D8}.Release|iPhone.Build.0 = Release|iPhone
		{E86C1082-B627-46B4-B92B-E941395266D8}.Release|iPhone.Deploy.0 = Release|iPhone
		{E86C1082-B627-46B4-B92B-E941395266D8}.Release|iPhoneSimulator.ActiveCfg = Release|iPhoneSimulator
		{E86C1082-B627-46B4-B92B-E941395266D8}.Release|iPhoneSimulator.Build.0 = Release|iPhoneSimulator
		{E86C1082-B627-46B4-B92B-E941395266D8}.Release|iPhoneSimulator.Deploy.0 = Release|iPhoneSimulator
		{7C3C3F1A-45E4-46E8-A71D-230CD164F177}.Debug|Any CPU.ActiveCfg = Debug|Any CPU
		{7C3C3F1A-45E4-46E8-A71D-230CD164F177}.Debug|iPhone.ActiveCfg = Debug|Any CPU
		{7C3C3F1A-45E4-46E8-A71D-230CD164F177}.Debug|iPhoneSimulator.ActiveCfg = Debug|Any CPU
		{7C3C3F1A-45E4-46E8-A71D-230CD164F177}.Debug|iPhoneSimulator.Build.0 = Debug|Any CPU
		{7C3C3F1A-45E4-46E8-A71D-230CD164F177}.Release|Any CPU.ActiveCfg = Release|Any CPU
		{7C3C3F1A-45E4-46E8-A71D-230CD164F177}.Release|Any CPU.Build.0 = Release|Any CPU
		{7C3C3F1A-45E4-46E8-A71D-230CD164F177}.Release|iPhone.ActiveCfg = Release|Any CPU
		{7C3C3F1A-45E4-46E8-A71D-230CD164F177}.Release|iPhone.Build.0 = Release|Any CPU
		{7C3C3F1A-45E4-46E8-A71D-230CD164F177}.Release|iPhoneSimulator.ActiveCfg = Release|Any CPU
		{7C3C3F1A-45E4-46E8-A71D-230CD164F177}.Release|iPhoneSimulator.Build.0 = Release|Any CPU
		{77F8D75A-5503-44F0-ABC1-92B3EF2577EA}.Debug|Any CPU.ActiveCfg = Debug|Any CPU
		{77F8D75A-5503-44F0-ABC1-92B3EF2577EA}.Debug|Any CPU.Deploy.0 = Debug|Any CPU
		{77F8D75A-5503-44F0-ABC1-92B3EF2577EA}.Debug|iPhone.ActiveCfg = Debug|Any CPU
		{77F8D75A-5503-44F0-ABC1-92B3EF2577EA}.Debug|iPhone.Deploy.0 = Debug|Any CPU
		{77F8D75A-5503-44F0-ABC1-92B3EF2577EA}.Debug|iPhoneSimulator.ActiveCfg = Debug|Any CPU
		{77F8D75A-5503-44F0-ABC1-92B3EF2577EA}.Debug|iPhoneSimulator.Build.0 = Debug|Any CPU
		{77F8D75A-5503-44F0-ABC1-92B3EF2577EA}.Debug|iPhoneSimulator.Deploy.0 = Debug|Any CPU
		{77F8D75A-5503-44F0-ABC1-92B3EF2577EA}.Release|Any CPU.ActiveCfg = Release|Any CPU
		{77F8D75A-5503-44F0-ABC1-92B3EF2577EA}.Release|Any CPU.Build.0 = Release|Any CPU
		{77F8D75A-5503-44F0-ABC1-92B3EF2577EA}.Release|Any CPU.Deploy.0 = Release|Any CPU
		{77F8D75A-5503-44F0-ABC1-92B3EF2577EA}.Release|iPhone.ActiveCfg = Release|Any CPU
		{77F8D75A-5503-44F0-ABC1-92B3EF2577EA}.Release|iPhone.Build.0 = Release|Any CPU
		{77F8D75A-5503-44F0-ABC1-92B3EF2577EA}.Release|iPhone.Deploy.0 = Release|Any CPU
		{77F8D75A-5503-44F0-ABC1-92B3EF2577EA}.Release|iPhoneSimulator.ActiveCfg = Release|Any CPU
		{77F8D75A-5503-44F0-ABC1-92B3EF2577EA}.Release|iPhoneSimulator.Build.0 = Release|Any CPU
		{77F8D75A-5503-44F0-ABC1-92B3EF2577EA}.Release|iPhoneSimulator.Deploy.0 = Release|Any CPU
		{69A1D482-9960-4606-9E85-26FB2E679AE8}.Debug|Any CPU.ActiveCfg = Debug|iPhone
		{69A1D482-9960-4606-9E85-26FB2E679AE8}.Debug|iPhone.ActiveCfg = Debug|iPhone
		{69A1D482-9960-4606-9E85-26FB2E679AE8}.Debug|iPhone.Deploy.0 = Debug|iPhone
		{69A1D482-9960-4606-9E85-26FB2E679AE8}.Debug|iPhoneSimulator.ActiveCfg = Debug|iPhoneSimulator
		{69A1D482-9960-4606-9E85-26FB2E679AE8}.Debug|iPhoneSimulator.Build.0 = Debug|iPhoneSimulator
		{69A1D482-9960-4606-9E85-26FB2E679AE8}.Debug|iPhoneSimulator.Deploy.0 = Debug|iPhoneSimulator
		{69A1D482-9960-4606-9E85-26FB2E679AE8}.Release|Any CPU.ActiveCfg = Release|iPhone
		{69A1D482-9960-4606-9E85-26FB2E679AE8}.Release|iPhone.ActiveCfg = Release|iPhone
		{69A1D482-9960-4606-9E85-26FB2E679AE8}.Release|iPhone.Build.0 = Release|iPhone
		{69A1D482-9960-4606-9E85-26FB2E679AE8}.Release|iPhone.Deploy.0 = Release|iPhone
		{69A1D482-9960-4606-9E85-26FB2E679AE8}.Release|iPhoneSimulator.ActiveCfg = Release|iPhoneSimulator
		{69A1D482-9960-4606-9E85-26FB2E679AE8}.Release|iPhoneSimulator.Build.0 = Release|iPhoneSimulator
		{69A1D482-9960-4606-9E85-26FB2E679AE8}.Release|iPhoneSimulator.Deploy.0 = Release|iPhoneSimulator
		{839849E6-999E-4643-B6CC-25CA8D854F9F}.Debug|Any CPU.ActiveCfg = Debug|Any CPU
		{839849E6-999E-4643-B6CC-25CA8D854F9F}.Debug|iPhone.ActiveCfg = Debug|Any CPU
		{839849E6-999E-4643-B6CC-25CA8D854F9F}.Debug|iPhoneSimulator.ActiveCfg = Debug|Any CPU
		{839849E6-999E-4643-B6CC-25CA8D854F9F}.Debug|iPhoneSimulator.Build.0 = Debug|Any CPU
		{839849E6-999E-4643-B6CC-25CA8D854F9F}.Release|Any CPU.ActiveCfg = Release|Any CPU
		{839849E6-999E-4643-B6CC-25CA8D854F9F}.Release|Any CPU.Build.0 = Release|Any CPU
		{839849E6-999E-4643-B6CC-25CA8D854F9F}.Release|iPhone.ActiveCfg = Release|Any CPU
		{839849E6-999E-4643-B6CC-25CA8D854F9F}.Release|iPhone.Build.0 = Release|Any CPU
		{839849E6-999E-4643-B6CC-25CA8D854F9F}.Release|iPhoneSimulator.ActiveCfg = Release|Any CPU
		{839849E6-999E-4643-B6CC-25CA8D854F9F}.Release|iPhoneSimulator.Build.0 = Release|Any CPU
		{F963E2C4-3743-4263-8BFF-EB29A633FF3D}.Debug|Any CPU.ActiveCfg = Debug|Any CPU
		{F963E2C4-3743-4263-8BFF-EB29A633FF3D}.Debug|Any CPU.Deploy.0 = Debug|Any CPU
		{F963E2C4-3743-4263-8BFF-EB29A633FF3D}.Debug|iPhone.ActiveCfg = Debug|Any CPU
		{F963E2C4-3743-4263-8BFF-EB29A633FF3D}.Debug|iPhone.Deploy.0 = Debug|Any CPU
		{F963E2C4-3743-4263-8BFF-EB29A633FF3D}.Debug|iPhoneSimulator.ActiveCfg = Debug|Any CPU
		{F963E2C4-3743-4263-8BFF-EB29A633FF3D}.Debug|iPhoneSimulator.Build.0 = Debug|Any CPU
		{F963E2C4-3743-4263-8BFF-EB29A633FF3D}.Debug|iPhoneSimulator.Deploy.0 = Debug|Any CPU
		{F963E2C4-3743-4263-8BFF-EB29A633FF3D}.Release|Any CPU.ActiveCfg = Release|Any CPU
		{F963E2C4-3743-4263-8BFF-EB29A633FF3D}.Release|Any CPU.Build.0 = Release|Any CPU
		{F963E2C4-3743-4263-8BFF-EB29A633FF3D}.Release|Any CPU.Deploy.0 = Release|Any CPU
		{F963E2C4-3743-4263-8BFF-EB29A633FF3D}.Release|iPhone.ActiveCfg = Release|Any CPU
		{F963E2C4-3743-4263-8BFF-EB29A633FF3D}.Release|iPhone.Build.0 = Release|Any CPU
		{F963E2C4-3743-4263-8BFF-EB29A633FF3D}.Release|iPhone.Deploy.0 = Release|Any CPU
		{F963E2C4-3743-4263-8BFF-EB29A633FF3D}.Release|iPhoneSimulator.ActiveCfg = Release|Any CPU
		{F963E2C4-3743-4263-8BFF-EB29A633FF3D}.Release|iPhoneSimulator.Build.0 = Release|Any CPU
		{F963E2C4-3743-4263-8BFF-EB29A633FF3D}.Release|iPhoneSimulator.Deploy.0 = Release|Any CPU
		{48EA721A-D978-423F-815F-DA10095AFD34}.Debug|Any CPU.ActiveCfg = Debug|iPhone
		{48EA721A-D978-423F-815F-DA10095AFD34}.Debug|iPhone.ActiveCfg = Debug|iPhone
		{48EA721A-D978-423F-815F-DA10095AFD34}.Debug|iPhoneSimulator.ActiveCfg = Debug|iPhoneSimulator
		{48EA721A-D978-423F-815F-DA10095AFD34}.Debug|iPhoneSimulator.Build.0 = Debug|iPhoneSimulator
		{48EA721A-D978-423F-815F-DA10095AFD34}.Release|Any CPU.ActiveCfg = Release|iPhone
		{48EA721A-D978-423F-815F-DA10095AFD34}.Release|iPhone.ActiveCfg = Release|iPhone
		{48EA721A-D978-423F-815F-DA10095AFD34}.Release|iPhone.Build.0 = Release|iPhone
		{48EA721A-D978-423F-815F-DA10095AFD34}.Release|iPhoneSimulator.ActiveCfg = Release|iPhoneSimulator
		{48EA721A-D978-423F-815F-DA10095AFD34}.Release|iPhoneSimulator.Build.0 = Release|iPhoneSimulator
		{73DBC0DB-81EF-4CAA-B9CF-478080C262AB}.Debug|Any CPU.ActiveCfg = Debug|Any CPU
		{73DBC0DB-81EF-4CAA-B9CF-478080C262AB}.Debug|iPhone.ActiveCfg = Debug|Any CPU
		{73DBC0DB-81EF-4CAA-B9CF-478080C262AB}.Debug|iPhoneSimulator.ActiveCfg = Debug|Any CPU
		{73DBC0DB-81EF-4CAA-B9CF-478080C262AB}.Debug|iPhoneSimulator.Build.0 = Debug|Any CPU
		{73DBC0DB-81EF-4CAA-B9CF-478080C262AB}.Release|Any CPU.ActiveCfg = Release|Any CPU
		{73DBC0DB-81EF-4CAA-B9CF-478080C262AB}.Release|Any CPU.Build.0 = Release|Any CPU
		{73DBC0DB-81EF-4CAA-B9CF-478080C262AB}.Release|iPhone.ActiveCfg = Release|Any CPU
		{73DBC0DB-81EF-4CAA-B9CF-478080C262AB}.Release|iPhone.Build.0 = Release|Any CPU
		{73DBC0DB-81EF-4CAA-B9CF-478080C262AB}.Release|iPhoneSimulator.ActiveCfg = Release|Any CPU
		{73DBC0DB-81EF-4CAA-B9CF-478080C262AB}.Release|iPhoneSimulator.Build.0 = Release|Any CPU
		{1B56618A-9CCA-4980-976A-2871612E3150}.Debug|Any CPU.ActiveCfg = Debug|Any CPU
		{1B56618A-9CCA-4980-976A-2871612E3150}.Debug|Any CPU.Deploy.0 = Debug|Any CPU
		{1B56618A-9CCA-4980-976A-2871612E3150}.Debug|iPhone.ActiveCfg = Debug|Any CPU
		{1B56618A-9CCA-4980-976A-2871612E3150}.Debug|iPhone.Deploy.0 = Debug|Any CPU
		{1B56618A-9CCA-4980-976A-2871612E3150}.Debug|iPhoneSimulator.ActiveCfg = Debug|Any CPU
		{1B56618A-9CCA-4980-976A-2871612E3150}.Debug|iPhoneSimulator.Build.0 = Debug|Any CPU
		{1B56618A-9CCA-4980-976A-2871612E3150}.Debug|iPhoneSimulator.Deploy.0 = Debug|Any CPU
		{1B56618A-9CCA-4980-976A-2871612E3150}.Release|Any CPU.ActiveCfg = Release|Any CPU
		{1B56618A-9CCA-4980-976A-2871612E3150}.Release|Any CPU.Build.0 = Release|Any CPU
		{1B56618A-9CCA-4980-976A-2871612E3150}.Release|Any CPU.Deploy.0 = Release|Any CPU
		{1B56618A-9CCA-4980-976A-2871612E3150}.Release|iPhone.ActiveCfg = Release|Any CPU
		{1B56618A-9CCA-4980-976A-2871612E3150}.Release|iPhone.Build.0 = Release|Any CPU
		{1B56618A-9CCA-4980-976A-2871612E3150}.Release|iPhone.Deploy.0 = Release|Any CPU
		{1B56618A-9CCA-4980-976A-2871612E3150}.Release|iPhoneSimulator.ActiveCfg = Release|Any CPU
		{1B56618A-9CCA-4980-976A-2871612E3150}.Release|iPhoneSimulator.Build.0 = Release|Any CPU
		{1B56618A-9CCA-4980-976A-2871612E3150}.Release|iPhoneSimulator.Deploy.0 = Release|Any CPU
		{7366C249-E650-48DF-BCC7-B54550D9E98A}.Debug|Any CPU.ActiveCfg = Debug|iPhone
		{7366C249-E650-48DF-BCC7-B54550D9E98A}.Debug|iPhone.ActiveCfg = Debug|iPhone
		{7366C249-E650-48DF-BCC7-B54550D9E98A}.Debug|iPhoneSimulator.ActiveCfg = Debug|iPhoneSimulator
		{7366C249-E650-48DF-BCC7-B54550D9E98A}.Debug|iPhoneSimulator.Build.0 = Debug|iPhoneSimulator
		{7366C249-E650-48DF-BCC7-B54550D9E98A}.Release|Any CPU.ActiveCfg = Release|iPhone
		{7366C249-E650-48DF-BCC7-B54550D9E98A}.Release|iPhone.ActiveCfg = Release|iPhone
		{7366C249-E650-48DF-BCC7-B54550D9E98A}.Release|iPhone.Build.0 = Release|iPhone
		{7366C249-E650-48DF-BCC7-B54550D9E98A}.Release|iPhoneSimulator.ActiveCfg = Release|iPhoneSimulator
		{7366C249-E650-48DF-BCC7-B54550D9E98A}.Release|iPhoneSimulator.Build.0 = Release|iPhoneSimulator
		{2C265E53-D564-43F6-92FB-F47F98E5D84F}.Debug|Any CPU.ActiveCfg = Debug|Any CPU
		{2C265E53-D564-43F6-92FB-F47F98E5D84F}.Debug|iPhone.ActiveCfg = Debug|Any CPU
		{2C265E53-D564-43F6-92FB-F47F98E5D84F}.Debug|iPhoneSimulator.ActiveCfg = Debug|Any CPU
		{2C265E53-D564-43F6-92FB-F47F98E5D84F}.Debug|iPhoneSimulator.Build.0 = Debug|Any CPU
		{2C265E53-D564-43F6-92FB-F47F98E5D84F}.Release|Any CPU.ActiveCfg = Release|Any CPU
		{2C265E53-D564-43F6-92FB-F47F98E5D84F}.Release|Any CPU.Build.0 = Release|Any CPU
		{2C265E53-D564-43F6-92FB-F47F98E5D84F}.Release|iPhone.ActiveCfg = Release|Any CPU
		{2C265E53-D564-43F6-92FB-F47F98E5D84F}.Release|iPhone.Build.0 = Release|Any CPU
		{2C265E53-D564-43F6-92FB-F47F98E5D84F}.Release|iPhoneSimulator.ActiveCfg = Release|Any CPU
		{2C265E53-D564-43F6-92FB-F47F98E5D84F}.Release|iPhoneSimulator.Build.0 = Release|Any CPU
		{99DAC8A4-AD5B-45A7-9905-EBC899D706F3}.Debug|Any CPU.ActiveCfg = Debug|Any CPU
		{99DAC8A4-AD5B-45A7-9905-EBC899D706F3}.Debug|Any CPU.Deploy.0 = Debug|Any CPU
		{99DAC8A4-AD5B-45A7-9905-EBC899D706F3}.Debug|iPhone.ActiveCfg = Debug|Any CPU
		{99DAC8A4-AD5B-45A7-9905-EBC899D706F3}.Debug|iPhone.Deploy.0 = Debug|Any CPU
		{99DAC8A4-AD5B-45A7-9905-EBC899D706F3}.Debug|iPhoneSimulator.ActiveCfg = Debug|Any CPU
		{99DAC8A4-AD5B-45A7-9905-EBC899D706F3}.Debug|iPhoneSimulator.Build.0 = Debug|Any CPU
		{99DAC8A4-AD5B-45A7-9905-EBC899D706F3}.Debug|iPhoneSimulator.Deploy.0 = Debug|Any CPU
		{99DAC8A4-AD5B-45A7-9905-EBC899D706F3}.Release|Any CPU.ActiveCfg = Release|Any CPU
		{99DAC8A4-AD5B-45A7-9905-EBC899D706F3}.Release|Any CPU.Build.0 = Release|Any CPU
		{99DAC8A4-AD5B-45A7-9905-EBC899D706F3}.Release|Any CPU.Deploy.0 = Release|Any CPU
		{99DAC8A4-AD5B-45A7-9905-EBC899D706F3}.Release|iPhone.ActiveCfg = Release|Any CPU
		{99DAC8A4-AD5B-45A7-9905-EBC899D706F3}.Release|iPhone.Build.0 = Release|Any CPU
		{99DAC8A4-AD5B-45A7-9905-EBC899D706F3}.Release|iPhone.Deploy.0 = Release|Any CPU
		{99DAC8A4-AD5B-45A7-9905-EBC899D706F3}.Release|iPhoneSimulator.ActiveCfg = Release|Any CPU
		{99DAC8A4-AD5B-45A7-9905-EBC899D706F3}.Release|iPhoneSimulator.Build.0 = Release|Any CPU
		{99DAC8A4-AD5B-45A7-9905-EBC899D706F3}.Release|iPhoneSimulator.Deploy.0 = Release|Any CPU
		{578BB108-57FF-443A-8475-103AFA30E710}.Debug|Any CPU.ActiveCfg = Debug|iPhone
		{578BB108-57FF-443A-8475-103AFA30E710}.Debug|iPhone.ActiveCfg = Debug|iPhone
		{578BB108-57FF-443A-8475-103AFA30E710}.Debug|iPhoneSimulator.ActiveCfg = Debug|iPhoneSimulator
		{578BB108-57FF-443A-8475-103AFA30E710}.Debug|iPhoneSimulator.Build.0 = Debug|iPhoneSimulator
		{578BB108-57FF-443A-8475-103AFA30E710}.Release|Any CPU.ActiveCfg = Release|iPhone
		{578BB108-57FF-443A-8475-103AFA30E710}.Release|iPhone.ActiveCfg = Release|iPhone
		{578BB108-57FF-443A-8475-103AFA30E710}.Release|iPhone.Build.0 = Release|iPhone
		{578BB108-57FF-443A-8475-103AFA30E710}.Release|iPhoneSimulator.ActiveCfg = Release|iPhoneSimulator
		{578BB108-57FF-443A-8475-103AFA30E710}.Release|iPhoneSimulator.Build.0 = Release|iPhoneSimulator
		{2E4C0B95-C277-4A92-92BE-8137B6D0E67C}.Debug|Any CPU.ActiveCfg = Debug|Any CPU
		{2E4C0B95-C277-4A92-92BE-8137B6D0E67C}.Debug|iPhone.ActiveCfg = Debug|Any CPU
		{2E4C0B95-C277-4A92-92BE-8137B6D0E67C}.Debug|iPhoneSimulator.ActiveCfg = Debug|Any CPU
		{2E4C0B95-C277-4A92-92BE-8137B6D0E67C}.Debug|iPhoneSimulator.Build.0 = Debug|Any CPU
		{2E4C0B95-C277-4A92-92BE-8137B6D0E67C}.Release|Any CPU.ActiveCfg = Release|Any CPU
		{2E4C0B95-C277-4A92-92BE-8137B6D0E67C}.Release|Any CPU.Build.0 = Release|Any CPU
		{2E4C0B95-C277-4A92-92BE-8137B6D0E67C}.Release|iPhone.ActiveCfg = Release|Any CPU
		{2E4C0B95-C277-4A92-92BE-8137B6D0E67C}.Release|iPhone.Build.0 = Release|Any CPU
		{2E4C0B95-C277-4A92-92BE-8137B6D0E67C}.Release|iPhoneSimulator.ActiveCfg = Release|Any CPU
		{2E4C0B95-C277-4A92-92BE-8137B6D0E67C}.Release|iPhoneSimulator.Build.0 = Release|Any CPU
		{2D98F455-2DEB-48ED-BCA6-A18D476872B7}.Debug|Any CPU.ActiveCfg = Debug|Any CPU
		{2D98F455-2DEB-48ED-BCA6-A18D476872B7}.Debug|Any CPU.Deploy.0 = Debug|Any CPU
		{2D98F455-2DEB-48ED-BCA6-A18D476872B7}.Debug|iPhone.ActiveCfg = Debug|Any CPU
		{2D98F455-2DEB-48ED-BCA6-A18D476872B7}.Debug|iPhone.Deploy.0 = Debug|Any CPU
		{2D98F455-2DEB-48ED-BCA6-A18D476872B7}.Debug|iPhoneSimulator.ActiveCfg = Debug|Any CPU
		{2D98F455-2DEB-48ED-BCA6-A18D476872B7}.Debug|iPhoneSimulator.Build.0 = Debug|Any CPU
		{2D98F455-2DEB-48ED-BCA6-A18D476872B7}.Debug|iPhoneSimulator.Deploy.0 = Debug|Any CPU
		{2D98F455-2DEB-48ED-BCA6-A18D476872B7}.Release|Any CPU.ActiveCfg = Release|Any CPU
		{2D98F455-2DEB-48ED-BCA6-A18D476872B7}.Release|Any CPU.Build.0 = Release|Any CPU
		{2D98F455-2DEB-48ED-BCA6-A18D476872B7}.Release|Any CPU.Deploy.0 = Release|Any CPU
		{2D98F455-2DEB-48ED-BCA6-A18D476872B7}.Release|iPhone.ActiveCfg = Release|Any CPU
		{2D98F455-2DEB-48ED-BCA6-A18D476872B7}.Release|iPhone.Build.0 = Release|Any CPU
		{2D98F455-2DEB-48ED-BCA6-A18D476872B7}.Release|iPhone.Deploy.0 = Release|Any CPU
		{2D98F455-2DEB-48ED-BCA6-A18D476872B7}.Release|iPhoneSimulator.ActiveCfg = Release|Any CPU
		{2D98F455-2DEB-48ED-BCA6-A18D476872B7}.Release|iPhoneSimulator.Build.0 = Release|Any CPU
		{2D98F455-2DEB-48ED-BCA6-A18D476872B7}.Release|iPhoneSimulator.Deploy.0 = Release|Any CPU
		{4BD236C2-94B7-42F5-AE7E-78410B671CCB}.Debug|Any CPU.ActiveCfg = Debug|iPhone
		{4BD236C2-94B7-42F5-AE7E-78410B671CCB}.Debug|iPhone.ActiveCfg = Debug|iPhone
		{4BD236C2-94B7-42F5-AE7E-78410B671CCB}.Debug|iPhoneSimulator.ActiveCfg = Debug|iPhoneSimulator
		{4BD236C2-94B7-42F5-AE7E-78410B671CCB}.Debug|iPhoneSimulator.Build.0 = Debug|iPhoneSimulator
		{4BD236C2-94B7-42F5-AE7E-78410B671CCB}.Release|Any CPU.ActiveCfg = Release|iPhone
		{4BD236C2-94B7-42F5-AE7E-78410B671CCB}.Release|iPhone.ActiveCfg = Release|iPhone
		{4BD236C2-94B7-42F5-AE7E-78410B671CCB}.Release|iPhone.Build.0 = Release|iPhone
		{4BD236C2-94B7-42F5-AE7E-78410B671CCB}.Release|iPhoneSimulator.ActiveCfg = Release|iPhoneSimulator
		{4BD236C2-94B7-42F5-AE7E-78410B671CCB}.Release|iPhoneSimulator.Build.0 = Release|iPhoneSimulator
		{07F81149-CB37-4FFE-B8E0-383AC806B42B}.Debug|Any CPU.ActiveCfg = Debug|Any CPU
		{07F81149-CB37-4FFE-B8E0-383AC806B42B}.Debug|iPhone.ActiveCfg = Debug|Any CPU
		{07F81149-CB37-4FFE-B8E0-383AC806B42B}.Debug|iPhoneSimulator.ActiveCfg = Debug|Any CPU
		{07F81149-CB37-4FFE-B8E0-383AC806B42B}.Debug|iPhoneSimulator.Build.0 = Debug|Any CPU
		{07F81149-CB37-4FFE-B8E0-383AC806B42B}.Release|Any CPU.ActiveCfg = Release|Any CPU
		{07F81149-CB37-4FFE-B8E0-383AC806B42B}.Release|Any CPU.Build.0 = Release|Any CPU
		{07F81149-CB37-4FFE-B8E0-383AC806B42B}.Release|iPhone.ActiveCfg = Release|Any CPU
		{07F81149-CB37-4FFE-B8E0-383AC806B42B}.Release|iPhone.Build.0 = Release|Any CPU
		{07F81149-CB37-4FFE-B8E0-383AC806B42B}.Release|iPhoneSimulator.ActiveCfg = Release|Any CPU
		{07F81149-CB37-4FFE-B8E0-383AC806B42B}.Release|iPhoneSimulator.Build.0 = Release|Any CPU
		{600723D6-D559-4E2E-9D3C-ED0E433569A3}.Debug|Any CPU.ActiveCfg = Debug|Any CPU
		{600723D6-D559-4E2E-9D3C-ED0E433569A3}.Debug|Any CPU.Deploy.0 = Debug|Any CPU
		{600723D6-D559-4E2E-9D3C-ED0E433569A3}.Debug|iPhone.ActiveCfg = Debug|Any CPU
		{600723D6-D559-4E2E-9D3C-ED0E433569A3}.Debug|iPhone.Deploy.0 = Debug|Any CPU
		{600723D6-D559-4E2E-9D3C-ED0E433569A3}.Debug|iPhoneSimulator.ActiveCfg = Debug|Any CPU
		{600723D6-D559-4E2E-9D3C-ED0E433569A3}.Debug|iPhoneSimulator.Build.0 = Debug|Any CPU
		{600723D6-D559-4E2E-9D3C-ED0E433569A3}.Debug|iPhoneSimulator.Deploy.0 = Debug|Any CPU
		{600723D6-D559-4E2E-9D3C-ED0E433569A3}.Release|Any CPU.ActiveCfg = Release|Any CPU
		{600723D6-D559-4E2E-9D3C-ED0E433569A3}.Release|Any CPU.Build.0 = Release|Any CPU
		{600723D6-D559-4E2E-9D3C-ED0E433569A3}.Release|Any CPU.Deploy.0 = Release|Any CPU
		{600723D6-D559-4E2E-9D3C-ED0E433569A3}.Release|iPhone.ActiveCfg = Release|Any CPU
		{600723D6-D559-4E2E-9D3C-ED0E433569A3}.Release|iPhone.Build.0 = Release|Any CPU
		{600723D6-D559-4E2E-9D3C-ED0E433569A3}.Release|iPhone.Deploy.0 = Release|Any CPU
		{600723D6-D559-4E2E-9D3C-ED0E433569A3}.Release|iPhoneSimulator.ActiveCfg = Release|Any CPU
		{600723D6-D559-4E2E-9D3C-ED0E433569A3}.Release|iPhoneSimulator.Build.0 = Release|Any CPU
		{600723D6-D559-4E2E-9D3C-ED0E433569A3}.Release|iPhoneSimulator.Deploy.0 = Release|Any CPU
		{BF5AE1D6-0366-45C1-A246-E38D2014D78C}.Debug|Any CPU.ActiveCfg = Debug|iPhone
		{BF5AE1D6-0366-45C1-A246-E38D2014D78C}.Debug|iPhone.ActiveCfg = Debug|iPhone
		{BF5AE1D6-0366-45C1-A246-E38D2014D78C}.Debug|iPhoneSimulator.ActiveCfg = Debug|iPhoneSimulator
		{BF5AE1D6-0366-45C1-A246-E38D2014D78C}.Debug|iPhoneSimulator.Build.0 = Debug|iPhoneSimulator
		{BF5AE1D6-0366-45C1-A246-E38D2014D78C}.Release|Any CPU.ActiveCfg = Release|iPhone
		{BF5AE1D6-0366-45C1-A246-E38D2014D78C}.Release|iPhone.ActiveCfg = Release|iPhone
		{BF5AE1D6-0366-45C1-A246-E38D2014D78C}.Release|iPhone.Build.0 = Release|iPhone
		{BF5AE1D6-0366-45C1-A246-E38D2014D78C}.Release|iPhoneSimulator.ActiveCfg = Release|iPhoneSimulator
		{BF5AE1D6-0366-45C1-A246-E38D2014D78C}.Release|iPhoneSimulator.Build.0 = Release|iPhoneSimulator
		{5E88D62B-7E6D-4889-915D-CD2CE17AFC8F}.Debug|Any CPU.ActiveCfg = Debug|Any CPU
		{5E88D62B-7E6D-4889-915D-CD2CE17AFC8F}.Debug|iPhone.ActiveCfg = Debug|Any CPU
		{5E88D62B-7E6D-4889-915D-CD2CE17AFC8F}.Debug|iPhoneSimulator.ActiveCfg = Debug|Any CPU
		{5E88D62B-7E6D-4889-915D-CD2CE17AFC8F}.Debug|iPhoneSimulator.Build.0 = Debug|Any CPU
		{5E88D62B-7E6D-4889-915D-CD2CE17AFC8F}.Release|Any CPU.ActiveCfg = Release|Any CPU
		{5E88D62B-7E6D-4889-915D-CD2CE17AFC8F}.Release|Any CPU.Build.0 = Release|Any CPU
		{5E88D62B-7E6D-4889-915D-CD2CE17AFC8F}.Release|iPhone.ActiveCfg = Release|Any CPU
		{5E88D62B-7E6D-4889-915D-CD2CE17AFC8F}.Release|iPhone.Build.0 = Release|Any CPU
		{5E88D62B-7E6D-4889-915D-CD2CE17AFC8F}.Release|iPhoneSimulator.ActiveCfg = Release|Any CPU
		{5E88D62B-7E6D-4889-915D-CD2CE17AFC8F}.Release|iPhoneSimulator.Build.0 = Release|Any CPU
		{B5B8CC12-F280-4490-9311-63076D7974D8}.Debug|Any CPU.ActiveCfg = Debug|Any CPU
		{B5B8CC12-F280-4490-9311-63076D7974D8}.Debug|Any CPU.Deploy.0 = Debug|Any CPU
		{B5B8CC12-F280-4490-9311-63076D7974D8}.Debug|iPhone.ActiveCfg = Debug|Any CPU
		{B5B8CC12-F280-4490-9311-63076D7974D8}.Debug|iPhone.Deploy.0 = Debug|Any CPU
		{B5B8CC12-F280-4490-9311-63076D7974D8}.Debug|iPhoneSimulator.ActiveCfg = Debug|Any CPU
		{B5B8CC12-F280-4490-9311-63076D7974D8}.Debug|iPhoneSimulator.Build.0 = Debug|Any CPU
		{B5B8CC12-F280-4490-9311-63076D7974D8}.Debug|iPhoneSimulator.Deploy.0 = Debug|Any CPU
		{B5B8CC12-F280-4490-9311-63076D7974D8}.Release|Any CPU.ActiveCfg = Release|Any CPU
		{B5B8CC12-F280-4490-9311-63076D7974D8}.Release|Any CPU.Build.0 = Release|Any CPU
		{B5B8CC12-F280-4490-9311-63076D7974D8}.Release|Any CPU.Deploy.0 = Release|Any CPU
		{B5B8CC12-F280-4490-9311-63076D7974D8}.Release|iPhone.ActiveCfg = Release|Any CPU
		{B5B8CC12-F280-4490-9311-63076D7974D8}.Release|iPhone.Build.0 = Release|Any CPU
		{B5B8CC12-F280-4490-9311-63076D7974D8}.Release|iPhone.Deploy.0 = Release|Any CPU
		{B5B8CC12-F280-4490-9311-63076D7974D8}.Release|iPhoneSimulator.ActiveCfg = Release|Any CPU
		{B5B8CC12-F280-4490-9311-63076D7974D8}.Release|iPhoneSimulator.Build.0 = Release|Any CPU
		{B5B8CC12-F280-4490-9311-63076D7974D8}.Release|iPhoneSimulator.Deploy.0 = Release|Any CPU
		{9AE1E98C-4576-445E-A429-45E090DD780A}.Debug|Any CPU.ActiveCfg = Debug|iPhone
		{9AE1E98C-4576-445E-A429-45E090DD780A}.Debug|iPhone.ActiveCfg = Debug|iPhone
		{9AE1E98C-4576-445E-A429-45E090DD780A}.Debug|iPhoneSimulator.ActiveCfg = Debug|iPhoneSimulator
		{9AE1E98C-4576-445E-A429-45E090DD780A}.Debug|iPhoneSimulator.Build.0 = Debug|iPhoneSimulator
		{9AE1E98C-4576-445E-A429-45E090DD780A}.Release|Any CPU.ActiveCfg = Release|iPhone
		{9AE1E98C-4576-445E-A429-45E090DD780A}.Release|iPhone.ActiveCfg = Release|iPhone
		{9AE1E98C-4576-445E-A429-45E090DD780A}.Release|iPhone.Build.0 = Release|iPhone
		{9AE1E98C-4576-445E-A429-45E090DD780A}.Release|iPhoneSimulator.ActiveCfg = Release|iPhoneSimulator
		{9AE1E98C-4576-445E-A429-45E090DD780A}.Release|iPhoneSimulator.Build.0 = Release|iPhoneSimulator
		{1109E0E4-ABE7-4DA2-AA33-5DE575F4FE7A}.Debug|Any CPU.ActiveCfg = Debug|Any CPU
		{1109E0E4-ABE7-4DA2-AA33-5DE575F4FE7A}.Debug|iPhone.ActiveCfg = Debug|Any CPU
		{1109E0E4-ABE7-4DA2-AA33-5DE575F4FE7A}.Debug|iPhoneSimulator.ActiveCfg = Debug|Any CPU
		{1109E0E4-ABE7-4DA2-AA33-5DE575F4FE7A}.Debug|iPhoneSimulator.Build.0 = Debug|Any CPU
		{1109E0E4-ABE7-4DA2-AA33-5DE575F4FE7A}.Release|Any CPU.ActiveCfg = Release|Any CPU
		{1109E0E4-ABE7-4DA2-AA33-5DE575F4FE7A}.Release|Any CPU.Build.0 = Release|Any CPU
		{1109E0E4-ABE7-4DA2-AA33-5DE575F4FE7A}.Release|iPhone.ActiveCfg = Release|Any CPU
		{1109E0E4-ABE7-4DA2-AA33-5DE575F4FE7A}.Release|iPhone.Build.0 = Release|Any CPU
		{1109E0E4-ABE7-4DA2-AA33-5DE575F4FE7A}.Release|iPhoneSimulator.ActiveCfg = Release|Any CPU
		{1109E0E4-ABE7-4DA2-AA33-5DE575F4FE7A}.Release|iPhoneSimulator.Build.0 = Release|Any CPU
		{D952944C-A22B-40EF-ABCB-12AFD2E12372}.Debug|Any CPU.ActiveCfg = Debug|Any CPU
		{D952944C-A22B-40EF-ABCB-12AFD2E12372}.Debug|Any CPU.Deploy.0 = Debug|Any CPU
		{D952944C-A22B-40EF-ABCB-12AFD2E12372}.Debug|iPhone.ActiveCfg = Debug|Any CPU
		{D952944C-A22B-40EF-ABCB-12AFD2E12372}.Debug|iPhone.Deploy.0 = Debug|Any CPU
		{D952944C-A22B-40EF-ABCB-12AFD2E12372}.Debug|iPhoneSimulator.ActiveCfg = Debug|Any CPU
		{D952944C-A22B-40EF-ABCB-12AFD2E12372}.Debug|iPhoneSimulator.Build.0 = Debug|Any CPU
		{D952944C-A22B-40EF-ABCB-12AFD2E12372}.Debug|iPhoneSimulator.Deploy.0 = Debug|Any CPU
		{D952944C-A22B-40EF-ABCB-12AFD2E12372}.Release|Any CPU.ActiveCfg = Release|Any CPU
		{D952944C-A22B-40EF-ABCB-12AFD2E12372}.Release|Any CPU.Build.0 = Release|Any CPU
		{D952944C-A22B-40EF-ABCB-12AFD2E12372}.Release|Any CPU.Deploy.0 = Release|Any CPU
		{D952944C-A22B-40EF-ABCB-12AFD2E12372}.Release|iPhone.ActiveCfg = Release|Any CPU
		{D952944C-A22B-40EF-ABCB-12AFD2E12372}.Release|iPhone.Build.0 = Release|Any CPU
		{D952944C-A22B-40EF-ABCB-12AFD2E12372}.Release|iPhone.Deploy.0 = Release|Any CPU
		{D952944C-A22B-40EF-ABCB-12AFD2E12372}.Release|iPhoneSimulator.ActiveCfg = Release|Any CPU
		{D952944C-A22B-40EF-ABCB-12AFD2E12372}.Release|iPhoneSimulator.Build.0 = Release|Any CPU
		{D952944C-A22B-40EF-ABCB-12AFD2E12372}.Release|iPhoneSimulator.Deploy.0 = Release|Any CPU
		{443704E0-0C81-444D-A43A-446B0E6FFE9F}.Debug|Any CPU.ActiveCfg = Debug|iPhone
		{443704E0-0C81-444D-A43A-446B0E6FFE9F}.Debug|iPhone.ActiveCfg = Debug|iPhone
		{443704E0-0C81-444D-A43A-446B0E6FFE9F}.Debug|iPhoneSimulator.ActiveCfg = Debug|iPhoneSimulator
		{443704E0-0C81-444D-A43A-446B0E6FFE9F}.Debug|iPhoneSimulator.Build.0 = Debug|iPhoneSimulator
		{443704E0-0C81-444D-A43A-446B0E6FFE9F}.Release|Any CPU.ActiveCfg = Release|iPhone
		{443704E0-0C81-444D-A43A-446B0E6FFE9F}.Release|iPhone.ActiveCfg = Release|iPhone
		{443704E0-0C81-444D-A43A-446B0E6FFE9F}.Release|iPhone.Build.0 = Release|iPhone
		{443704E0-0C81-444D-A43A-446B0E6FFE9F}.Release|iPhoneSimulator.ActiveCfg = Release|iPhoneSimulator
		{443704E0-0C81-444D-A43A-446B0E6FFE9F}.Release|iPhoneSimulator.Build.0 = Release|iPhoneSimulator
		{9CD7E0AF-FA44-4292-B7FB-03745EEB586B}.Debug|Any CPU.ActiveCfg = Debug|Any CPU
		{9CD7E0AF-FA44-4292-B7FB-03745EEB586B}.Debug|iPhone.ActiveCfg = Debug|Any CPU
		{9CD7E0AF-FA44-4292-B7FB-03745EEB586B}.Debug|iPhoneSimulator.ActiveCfg = Debug|Any CPU
		{9CD7E0AF-FA44-4292-B7FB-03745EEB586B}.Debug|iPhoneSimulator.Build.0 = Debug|Any CPU
		{9CD7E0AF-FA44-4292-B7FB-03745EEB586B}.Release|Any CPU.ActiveCfg = Release|Any CPU
		{9CD7E0AF-FA44-4292-B7FB-03745EEB586B}.Release|Any CPU.Build.0 = Release|Any CPU
		{9CD7E0AF-FA44-4292-B7FB-03745EEB586B}.Release|iPhone.ActiveCfg = Release|Any CPU
		{9CD7E0AF-FA44-4292-B7FB-03745EEB586B}.Release|iPhone.Build.0 = Release|Any CPU
		{9CD7E0AF-FA44-4292-B7FB-03745EEB586B}.Release|iPhoneSimulator.ActiveCfg = Release|Any CPU
		{9CD7E0AF-FA44-4292-B7FB-03745EEB586B}.Release|iPhoneSimulator.Build.0 = Release|Any CPU
		{3469864E-BB5E-4E60-A94E-2C6B713AF645}.Debug|Any CPU.ActiveCfg = Debug|Any CPU
		{3469864E-BB5E-4E60-A94E-2C6B713AF645}.Debug|Any CPU.Deploy.0 = Debug|Any CPU
		{3469864E-BB5E-4E60-A94E-2C6B713AF645}.Debug|iPhone.ActiveCfg = Debug|Any CPU
		{3469864E-BB5E-4E60-A94E-2C6B713AF645}.Debug|iPhone.Deploy.0 = Debug|Any CPU
		{3469864E-BB5E-4E60-A94E-2C6B713AF645}.Debug|iPhoneSimulator.ActiveCfg = Debug|Any CPU
		{3469864E-BB5E-4E60-A94E-2C6B713AF645}.Debug|iPhoneSimulator.Build.0 = Debug|Any CPU
		{3469864E-BB5E-4E60-A94E-2C6B713AF645}.Debug|iPhoneSimulator.Deploy.0 = Debug|Any CPU
		{3469864E-BB5E-4E60-A94E-2C6B713AF645}.Release|Any CPU.ActiveCfg = Release|Any CPU
		{3469864E-BB5E-4E60-A94E-2C6B713AF645}.Release|Any CPU.Build.0 = Release|Any CPU
		{3469864E-BB5E-4E60-A94E-2C6B713AF645}.Release|Any CPU.Deploy.0 = Release|Any CPU
		{3469864E-BB5E-4E60-A94E-2C6B713AF645}.Release|iPhone.ActiveCfg = Release|Any CPU
		{3469864E-BB5E-4E60-A94E-2C6B713AF645}.Release|iPhone.Build.0 = Release|Any CPU
		{3469864E-BB5E-4E60-A94E-2C6B713AF645}.Release|iPhone.Deploy.0 = Release|Any CPU
		{3469864E-BB5E-4E60-A94E-2C6B713AF645}.Release|iPhoneSimulator.ActiveCfg = Release|Any CPU
		{3469864E-BB5E-4E60-A94E-2C6B713AF645}.Release|iPhoneSimulator.Build.0 = Release|Any CPU
		{3469864E-BB5E-4E60-A94E-2C6B713AF645}.Release|iPhoneSimulator.Deploy.0 = Release|Any CPU
		{20F2BA30-65F7-449D-A49A-343FB391EEB8}.Debug|Any CPU.ActiveCfg = Debug|iPhone
		{20F2BA30-65F7-449D-A49A-343FB391EEB8}.Debug|iPhone.ActiveCfg = Debug|iPhone
		{20F2BA30-65F7-449D-A49A-343FB391EEB8}.Debug|iPhoneSimulator.ActiveCfg = Debug|iPhoneSimulator
		{20F2BA30-65F7-449D-A49A-343FB391EEB8}.Debug|iPhoneSimulator.Build.0 = Debug|iPhoneSimulator
		{20F2BA30-65F7-449D-A49A-343FB391EEB8}.Release|Any CPU.ActiveCfg = Release|iPhone
		{20F2BA30-65F7-449D-A49A-343FB391EEB8}.Release|iPhone.ActiveCfg = Release|iPhone
		{20F2BA30-65F7-449D-A49A-343FB391EEB8}.Release|iPhone.Build.0 = Release|iPhone
		{20F2BA30-65F7-449D-A49A-343FB391EEB8}.Release|iPhoneSimulator.ActiveCfg = Release|iPhoneSimulator
		{20F2BA30-65F7-449D-A49A-343FB391EEB8}.Release|iPhoneSimulator.Build.0 = Release|iPhoneSimulator
		{7DDCCB32-6E74-44CC-AEEA-BB76F297937B}.Debug|Any CPU.ActiveCfg = Debug|Any CPU
		{7DDCCB32-6E74-44CC-AEEA-BB76F297937B}.Debug|iPhone.ActiveCfg = Debug|Any CPU
		{7DDCCB32-6E74-44CC-AEEA-BB76F297937B}.Debug|iPhoneSimulator.ActiveCfg = Debug|Any CPU
		{7DDCCB32-6E74-44CC-AEEA-BB76F297937B}.Debug|iPhoneSimulator.Build.0 = Debug|Any CPU
		{7DDCCB32-6E74-44CC-AEEA-BB76F297937B}.Release|Any CPU.ActiveCfg = Release|Any CPU
		{7DDCCB32-6E74-44CC-AEEA-BB76F297937B}.Release|Any CPU.Build.0 = Release|Any CPU
		{7DDCCB32-6E74-44CC-AEEA-BB76F297937B}.Release|iPhone.ActiveCfg = Release|Any CPU
		{7DDCCB32-6E74-44CC-AEEA-BB76F297937B}.Release|iPhone.Build.0 = Release|Any CPU
		{7DDCCB32-6E74-44CC-AEEA-BB76F297937B}.Release|iPhoneSimulator.ActiveCfg = Release|Any CPU
		{7DDCCB32-6E74-44CC-AEEA-BB76F297937B}.Release|iPhoneSimulator.Build.0 = Release|Any CPU
		{2FD409FC-782D-4DD2-B82E-059D3E3456FF}.Debug|Any CPU.ActiveCfg = Debug|Any CPU
		{2FD409FC-782D-4DD2-B82E-059D3E3456FF}.Debug|Any CPU.Deploy.0 = Debug|Any CPU
		{2FD409FC-782D-4DD2-B82E-059D3E3456FF}.Debug|iPhone.ActiveCfg = Debug|Any CPU
		{2FD409FC-782D-4DD2-B82E-059D3E3456FF}.Debug|iPhone.Deploy.0 = Debug|Any CPU
		{2FD409FC-782D-4DD2-B82E-059D3E3456FF}.Debug|iPhoneSimulator.ActiveCfg = Debug|Any CPU
		{2FD409FC-782D-4DD2-B82E-059D3E3456FF}.Debug|iPhoneSimulator.Build.0 = Debug|Any CPU
		{2FD409FC-782D-4DD2-B82E-059D3E3456FF}.Debug|iPhoneSimulator.Deploy.0 = Debug|Any CPU
		{2FD409FC-782D-4DD2-B82E-059D3E3456FF}.Release|Any CPU.ActiveCfg = Release|Any CPU
		{2FD409FC-782D-4DD2-B82E-059D3E3456FF}.Release|Any CPU.Build.0 = Release|Any CPU
		{2FD409FC-782D-4DD2-B82E-059D3E3456FF}.Release|Any CPU.Deploy.0 = Release|Any CPU
		{2FD409FC-782D-4DD2-B82E-059D3E3456FF}.Release|iPhone.ActiveCfg = Release|Any CPU
		{2FD409FC-782D-4DD2-B82E-059D3E3456FF}.Release|iPhone.Build.0 = Release|Any CPU
		{2FD409FC-782D-4DD2-B82E-059D3E3456FF}.Release|iPhone.Deploy.0 = Release|Any CPU
		{2FD409FC-782D-4DD2-B82E-059D3E3456FF}.Release|iPhoneSimulator.ActiveCfg = Release|Any CPU
		{2FD409FC-782D-4DD2-B82E-059D3E3456FF}.Release|iPhoneSimulator.Build.0 = Release|Any CPU
		{2FD409FC-782D-4DD2-B82E-059D3E3456FF}.Release|iPhoneSimulator.Deploy.0 = Release|Any CPU
		{78D6CAF6-4E78-4A13-8348-EA54F232715D}.Debug|Any CPU.ActiveCfg = Debug|iPhone
		{78D6CAF6-4E78-4A13-8348-EA54F232715D}.Debug|iPhone.ActiveCfg = Debug|iPhone
		{78D6CAF6-4E78-4A13-8348-EA54F232715D}.Debug|iPhoneSimulator.ActiveCfg = Debug|iPhoneSimulator
		{78D6CAF6-4E78-4A13-8348-EA54F232715D}.Debug|iPhoneSimulator.Build.0 = Debug|iPhoneSimulator
		{78D6CAF6-4E78-4A13-8348-EA54F232715D}.Release|Any CPU.ActiveCfg = Release|iPhone
		{78D6CAF6-4E78-4A13-8348-EA54F232715D}.Release|iPhone.ActiveCfg = Release|iPhone
		{78D6CAF6-4E78-4A13-8348-EA54F232715D}.Release|iPhone.Build.0 = Release|iPhone
		{78D6CAF6-4E78-4A13-8348-EA54F232715D}.Release|iPhoneSimulator.ActiveCfg = Release|iPhoneSimulator
		{78D6CAF6-4E78-4A13-8348-EA54F232715D}.Release|iPhoneSimulator.Build.0 = Release|iPhoneSimulator
		{D32E6440-7F53-4443-80DD-33DC9FBFFBF6}.Debug|Any CPU.ActiveCfg = Debug|Any CPU
		{D32E6440-7F53-4443-80DD-33DC9FBFFBF6}.Debug|iPhone.ActiveCfg = Debug|Any CPU
		{D32E6440-7F53-4443-80DD-33DC9FBFFBF6}.Debug|iPhoneSimulator.ActiveCfg = Debug|Any CPU
		{D32E6440-7F53-4443-80DD-33DC9FBFFBF6}.Debug|iPhoneSimulator.Build.0 = Debug|Any CPU
		{D32E6440-7F53-4443-80DD-33DC9FBFFBF6}.Release|Any CPU.ActiveCfg = Release|Any CPU
		{D32E6440-7F53-4443-80DD-33DC9FBFFBF6}.Release|Any CPU.Build.0 = Release|Any CPU
		{D32E6440-7F53-4443-80DD-33DC9FBFFBF6}.Release|iPhone.ActiveCfg = Release|Any CPU
		{D32E6440-7F53-4443-80DD-33DC9FBFFBF6}.Release|iPhone.Build.0 = Release|Any CPU
		{D32E6440-7F53-4443-80DD-33DC9FBFFBF6}.Release|iPhoneSimulator.ActiveCfg = Release|Any CPU
		{D32E6440-7F53-4443-80DD-33DC9FBFFBF6}.Release|iPhoneSimulator.Build.0 = Release|Any CPU
		{66484CA8-09BB-4C23-8D62-24AA8579FBC1}.Debug|Any CPU.ActiveCfg = Debug|Any CPU
		{66484CA8-09BB-4C23-8D62-24AA8579FBC1}.Debug|Any CPU.Deploy.0 = Debug|Any CPU
		{66484CA8-09BB-4C23-8D62-24AA8579FBC1}.Debug|iPhone.ActiveCfg = Debug|Any CPU
		{66484CA8-09BB-4C23-8D62-24AA8579FBC1}.Debug|iPhone.Build.0 = Debug|Any CPU
		{66484CA8-09BB-4C23-8D62-24AA8579FBC1}.Debug|iPhone.Deploy.0 = Debug|Any CPU
		{66484CA8-09BB-4C23-8D62-24AA8579FBC1}.Debug|iPhoneSimulator.ActiveCfg = Debug|Any CPU
		{66484CA8-09BB-4C23-8D62-24AA8579FBC1}.Debug|iPhoneSimulator.Build.0 = Debug|Any CPU
		{66484CA8-09BB-4C23-8D62-24AA8579FBC1}.Debug|iPhoneSimulator.Deploy.0 = Debug|Any CPU
		{66484CA8-09BB-4C23-8D62-24AA8579FBC1}.Release|Any CPU.ActiveCfg = Release|Any CPU
		{66484CA8-09BB-4C23-8D62-24AA8579FBC1}.Release|Any CPU.Build.0 = Release|Any CPU
		{66484CA8-09BB-4C23-8D62-24AA8579FBC1}.Release|Any CPU.Deploy.0 = Release|Any CPU
		{66484CA8-09BB-4C23-8D62-24AA8579FBC1}.Release|iPhone.ActiveCfg = Release|Any CPU
		{66484CA8-09BB-4C23-8D62-24AA8579FBC1}.Release|iPhone.Build.0 = Release|Any CPU
		{66484CA8-09BB-4C23-8D62-24AA8579FBC1}.Release|iPhone.Deploy.0 = Release|Any CPU
		{66484CA8-09BB-4C23-8D62-24AA8579FBC1}.Release|iPhoneSimulator.ActiveCfg = Release|Any CPU
		{66484CA8-09BB-4C23-8D62-24AA8579FBC1}.Release|iPhoneSimulator.Build.0 = Release|Any CPU
		{66484CA8-09BB-4C23-8D62-24AA8579FBC1}.Release|iPhoneSimulator.Deploy.0 = Release|Any CPU
		{392BED18-47B3-4C1A-9300-6E160B2369B7}.Debug|Any CPU.ActiveCfg = Debug|iPhone
		{392BED18-47B3-4C1A-9300-6E160B2369B7}.Debug|iPhone.ActiveCfg = Debug|iPhone
		{392BED18-47B3-4C1A-9300-6E160B2369B7}.Debug|iPhone.Build.0 = Debug|iPhone
		{392BED18-47B3-4C1A-9300-6E160B2369B7}.Debug|iPhoneSimulator.ActiveCfg = Debug|iPhoneSimulator
		{392BED18-47B3-4C1A-9300-6E160B2369B7}.Debug|iPhoneSimulator.Build.0 = Debug|iPhoneSimulator
		{392BED18-47B3-4C1A-9300-6E160B2369B7}.Release|Any CPU.ActiveCfg = Release|iPhone
		{392BED18-47B3-4C1A-9300-6E160B2369B7}.Release|iPhone.ActiveCfg = Release|iPhone
		{392BED18-47B3-4C1A-9300-6E160B2369B7}.Release|iPhone.Build.0 = Release|iPhone
		{392BED18-47B3-4C1A-9300-6E160B2369B7}.Release|iPhoneSimulator.ActiveCfg = Release|iPhoneSimulator
		{392BED18-47B3-4C1A-9300-6E160B2369B7}.Release|iPhoneSimulator.Build.0 = Release|iPhoneSimulator
		{48F1E467-87AF-4031-AF0C-E34B83FECE75}.Debug|Any CPU.ActiveCfg = Debug|Any CPU
		{48F1E467-87AF-4031-AF0C-E34B83FECE75}.Debug|iPhone.ActiveCfg = Debug|Any CPU
		{48F1E467-87AF-4031-AF0C-E34B83FECE75}.Debug|iPhone.Build.0 = Debug|Any CPU
		{48F1E467-87AF-4031-AF0C-E34B83FECE75}.Debug|iPhoneSimulator.ActiveCfg = Debug|Any CPU
		{48F1E467-87AF-4031-AF0C-E34B83FECE75}.Debug|iPhoneSimulator.Build.0 = Debug|Any CPU
		{48F1E467-87AF-4031-AF0C-E34B83FECE75}.Release|Any CPU.ActiveCfg = Release|Any CPU
		{48F1E467-87AF-4031-AF0C-E34B83FECE75}.Release|Any CPU.Build.0 = Release|Any CPU
		{48F1E467-87AF-4031-AF0C-E34B83FECE75}.Release|iPhone.ActiveCfg = Release|Any CPU
		{48F1E467-87AF-4031-AF0C-E34B83FECE75}.Release|iPhone.Build.0 = Release|Any CPU
		{48F1E467-87AF-4031-AF0C-E34B83FECE75}.Release|iPhoneSimulator.ActiveCfg = Release|Any CPU
		{48F1E467-87AF-4031-AF0C-E34B83FECE75}.Release|iPhoneSimulator.Build.0 = Release|Any CPU
		{F4FCFC60-6EE0-4F30-AB17-96505D2B9C41}.Debug|Any CPU.ActiveCfg = Debug|Any CPU
		{F4FCFC60-6EE0-4F30-AB17-96505D2B9C41}.Debug|Any CPU.Deploy.0 = Debug|Any CPU
		{F4FCFC60-6EE0-4F30-AB17-96505D2B9C41}.Debug|iPhone.ActiveCfg = Debug|Any CPU
		{F4FCFC60-6EE0-4F30-AB17-96505D2B9C41}.Debug|iPhone.Build.0 = Debug|Any CPU
		{F4FCFC60-6EE0-4F30-AB17-96505D2B9C41}.Debug|iPhone.Deploy.0 = Debug|Any CPU
		{F4FCFC60-6EE0-4F30-AB17-96505D2B9C41}.Debug|iPhoneSimulator.ActiveCfg = Debug|Any CPU
		{F4FCFC60-6EE0-4F30-AB17-96505D2B9C41}.Debug|iPhoneSimulator.Build.0 = Debug|Any CPU
		{F4FCFC60-6EE0-4F30-AB17-96505D2B9C41}.Debug|iPhoneSimulator.Deploy.0 = Debug|Any CPU
		{F4FCFC60-6EE0-4F30-AB17-96505D2B9C41}.Release|Any CPU.ActiveCfg = Release|Any CPU
		{F4FCFC60-6EE0-4F30-AB17-96505D2B9C41}.Release|Any CPU.Build.0 = Release|Any CPU
		{F4FCFC60-6EE0-4F30-AB17-96505D2B9C41}.Release|Any CPU.Deploy.0 = Release|Any CPU
		{F4FCFC60-6EE0-4F30-AB17-96505D2B9C41}.Release|iPhone.ActiveCfg = Release|Any CPU
		{F4FCFC60-6EE0-4F30-AB17-96505D2B9C41}.Release|iPhone.Build.0 = Release|Any CPU
		{F4FCFC60-6EE0-4F30-AB17-96505D2B9C41}.Release|iPhone.Deploy.0 = Release|Any CPU
		{F4FCFC60-6EE0-4F30-AB17-96505D2B9C41}.Release|iPhoneSimulator.ActiveCfg = Release|Any CPU
		{F4FCFC60-6EE0-4F30-AB17-96505D2B9C41}.Release|iPhoneSimulator.Build.0 = Release|Any CPU
		{F4FCFC60-6EE0-4F30-AB17-96505D2B9C41}.Release|iPhoneSimulator.Deploy.0 = Release|Any CPU
		{A284C758-E775-467D-BAEB-D9EDD8227534}.Debug|Any CPU.ActiveCfg = Debug|iPhone
		{A284C758-E775-467D-BAEB-D9EDD8227534}.Debug|iPhone.ActiveCfg = Debug|iPhone
		{A284C758-E775-467D-BAEB-D9EDD8227534}.Debug|iPhone.Build.0 = Debug|iPhone
		{A284C758-E775-467D-BAEB-D9EDD8227534}.Debug|iPhoneSimulator.ActiveCfg = Debug|iPhoneSimulator
		{A284C758-E775-467D-BAEB-D9EDD8227534}.Debug|iPhoneSimulator.Build.0 = Debug|iPhoneSimulator
		{A284C758-E775-467D-BAEB-D9EDD8227534}.Release|Any CPU.ActiveCfg = Release|iPhone
		{A284C758-E775-467D-BAEB-D9EDD8227534}.Release|iPhone.ActiveCfg = Release|iPhone
		{A284C758-E775-467D-BAEB-D9EDD8227534}.Release|iPhone.Build.0 = Release|iPhone
		{A284C758-E775-467D-BAEB-D9EDD8227534}.Release|iPhoneSimulator.ActiveCfg = Release|iPhoneSimulator
		{A284C758-E775-467D-BAEB-D9EDD8227534}.Release|iPhoneSimulator.Build.0 = Release|iPhoneSimulator
		{E6374BDE-5477-4BDD-A07C-5A8F4525B8D6}.Debug|Any CPU.ActiveCfg = Debug|Any CPU
		{E6374BDE-5477-4BDD-A07C-5A8F4525B8D6}.Debug|iPhone.ActiveCfg = Debug|Any CPU
		{E6374BDE-5477-4BDD-A07C-5A8F4525B8D6}.Debug|iPhone.Build.0 = Debug|Any CPU
		{E6374BDE-5477-4BDD-A07C-5A8F4525B8D6}.Debug|iPhoneSimulator.ActiveCfg = Debug|Any CPU
		{E6374BDE-5477-4BDD-A07C-5A8F4525B8D6}.Debug|iPhoneSimulator.Build.0 = Debug|Any CPU
		{E6374BDE-5477-4BDD-A07C-5A8F4525B8D6}.Release|Any CPU.ActiveCfg = Release|Any CPU
		{E6374BDE-5477-4BDD-A07C-5A8F4525B8D6}.Release|Any CPU.Build.0 = Release|Any CPU
		{E6374BDE-5477-4BDD-A07C-5A8F4525B8D6}.Release|iPhone.ActiveCfg = Release|Any CPU
		{E6374BDE-5477-4BDD-A07C-5A8F4525B8D6}.Release|iPhone.Build.0 = Release|Any CPU
		{E6374BDE-5477-4BDD-A07C-5A8F4525B8D6}.Release|iPhoneSimulator.ActiveCfg = Release|Any CPU
		{E6374BDE-5477-4BDD-A07C-5A8F4525B8D6}.Release|iPhoneSimulator.Build.0 = Release|Any CPU
		{AE8431A4-59B0-4B90-AA75-55FD3A79A2EF}.Debug|Any CPU.ActiveCfg = Debug|Any CPU
		{AE8431A4-59B0-4B90-AA75-55FD3A79A2EF}.Debug|Any CPU.Build.0 = Debug|Any CPU
		{AE8431A4-59B0-4B90-AA75-55FD3A79A2EF}.Debug|iPhone.ActiveCfg = Debug|Any CPU
		{AE8431A4-59B0-4B90-AA75-55FD3A79A2EF}.Debug|iPhone.Build.0 = Debug|Any CPU
		{AE8431A4-59B0-4B90-AA75-55FD3A79A2EF}.Debug|iPhoneSimulator.ActiveCfg = Debug|Any CPU
		{AE8431A4-59B0-4B90-AA75-55FD3A79A2EF}.Debug|iPhoneSimulator.Build.0 = Debug|Any CPU
		{AE8431A4-59B0-4B90-AA75-55FD3A79A2EF}.Release|Any CPU.ActiveCfg = Release|Any CPU
		{AE8431A4-59B0-4B90-AA75-55FD3A79A2EF}.Release|Any CPU.Build.0 = Release|Any CPU
		{AE8431A4-59B0-4B90-AA75-55FD3A79A2EF}.Release|iPhone.ActiveCfg = Release|Any CPU
		{AE8431A4-59B0-4B90-AA75-55FD3A79A2EF}.Release|iPhone.Build.0 = Release|Any CPU
		{AE8431A4-59B0-4B90-AA75-55FD3A79A2EF}.Release|iPhoneSimulator.ActiveCfg = Release|Any CPU
		{AE8431A4-59B0-4B90-AA75-55FD3A79A2EF}.Release|iPhoneSimulator.Build.0 = Release|Any CPU
		{C75DB39B-8D45-4C35-93B8-2E154673D438}.Debug|Any CPU.ActiveCfg = Debug|Any CPU
		{C75DB39B-8D45-4C35-93B8-2E154673D438}.Debug|Any CPU.Build.0 = Debug|Any CPU
		{C75DB39B-8D45-4C35-93B8-2E154673D438}.Debug|iPhone.ActiveCfg = Debug|Any CPU
		{C75DB39B-8D45-4C35-93B8-2E154673D438}.Debug|iPhone.Build.0 = Debug|Any CPU
		{C75DB39B-8D45-4C35-93B8-2E154673D438}.Debug|iPhoneSimulator.ActiveCfg = Debug|Any CPU
		{C75DB39B-8D45-4C35-93B8-2E154673D438}.Debug|iPhoneSimulator.Build.0 = Debug|Any CPU
		{C75DB39B-8D45-4C35-93B8-2E154673D438}.Release|Any CPU.ActiveCfg = Release|Any CPU
		{C75DB39B-8D45-4C35-93B8-2E154673D438}.Release|Any CPU.Build.0 = Release|Any CPU
		{C75DB39B-8D45-4C35-93B8-2E154673D438}.Release|iPhone.ActiveCfg = Release|Any CPU
		{C75DB39B-8D45-4C35-93B8-2E154673D438}.Release|iPhone.Build.0 = Release|Any CPU
		{C75DB39B-8D45-4C35-93B8-2E154673D438}.Release|iPhoneSimulator.ActiveCfg = Release|Any CPU
		{C75DB39B-8D45-4C35-93B8-2E154673D438}.Release|iPhoneSimulator.Build.0 = Release|Any CPU
		{0C6E1626-7EFE-40BC-BEAA-E932FF37F282}.Debug|Any CPU.ActiveCfg = Debug|Any CPU
		{0C6E1626-7EFE-40BC-BEAA-E932FF37F282}.Debug|Any CPU.Build.0 = Debug|Any CPU
		{0C6E1626-7EFE-40BC-BEAA-E932FF37F282}.Debug|iPhone.ActiveCfg = Debug|Any CPU
		{0C6E1626-7EFE-40BC-BEAA-E932FF37F282}.Debug|iPhone.Build.0 = Debug|Any CPU
		{0C6E1626-7EFE-40BC-BEAA-E932FF37F282}.Debug|iPhoneSimulator.ActiveCfg = Debug|Any CPU
		{0C6E1626-7EFE-40BC-BEAA-E932FF37F282}.Debug|iPhoneSimulator.Build.0 = Debug|Any CPU
		{0C6E1626-7EFE-40BC-BEAA-E932FF37F282}.Release|Any CPU.ActiveCfg = Release|Any CPU
		{0C6E1626-7EFE-40BC-BEAA-E932FF37F282}.Release|Any CPU.Build.0 = Release|Any CPU
		{0C6E1626-7EFE-40BC-BEAA-E932FF37F282}.Release|iPhone.ActiveCfg = Release|Any CPU
		{0C6E1626-7EFE-40BC-BEAA-E932FF37F282}.Release|iPhone.Build.0 = Release|Any CPU
		{0C6E1626-7EFE-40BC-BEAA-E932FF37F282}.Release|iPhoneSimulator.ActiveCfg = Release|Any CPU
		{0C6E1626-7EFE-40BC-BEAA-E932FF37F282}.Release|iPhoneSimulator.Build.0 = Release|Any CPU
		{6AEAE850-0FB3-427E-B027-357355CBCC7E}.Debug|Any CPU.ActiveCfg = Debug|Any CPU
		{6AEAE850-0FB3-427E-B027-357355CBCC7E}.Debug|Any CPU.Build.0 = Debug|Any CPU
		{6AEAE850-0FB3-427E-B027-357355CBCC7E}.Debug|iPhone.ActiveCfg = Debug|Any CPU
		{6AEAE850-0FB3-427E-B027-357355CBCC7E}.Debug|iPhone.Build.0 = Debug|Any CPU
		{6AEAE850-0FB3-427E-B027-357355CBCC7E}.Debug|iPhoneSimulator.ActiveCfg = Debug|Any CPU
		{6AEAE850-0FB3-427E-B027-357355CBCC7E}.Debug|iPhoneSimulator.Build.0 = Debug|Any CPU
		{6AEAE850-0FB3-427E-B027-357355CBCC7E}.Release|Any CPU.ActiveCfg = Release|Any CPU
		{6AEAE850-0FB3-427E-B027-357355CBCC7E}.Release|Any CPU.Build.0 = Release|Any CPU
		{6AEAE850-0FB3-427E-B027-357355CBCC7E}.Release|iPhone.ActiveCfg = Release|Any CPU
		{6AEAE850-0FB3-427E-B027-357355CBCC7E}.Release|iPhone.Build.0 = Release|Any CPU
		{6AEAE850-0FB3-427E-B027-357355CBCC7E}.Release|iPhoneSimulator.ActiveCfg = Release|Any CPU
		{6AEAE850-0FB3-427E-B027-357355CBCC7E}.Release|iPhoneSimulator.Build.0 = Release|Any CPU
	EndGlobalSection
	GlobalSection(SolutionProperties) = preSolution
		HideSolutionNode = FALSE
	EndGlobalSection
	GlobalSection(NestedProjects) = preSolution
		{59662D02-119C-4875-A3F5-92FA35FD8BC2} = {F0944B2B-CC93-4AA7-92FC-6FCB23701790}
		{13D86E34-C92C-4F00-B1D2-54E555D7BA11} = {F0944B2B-CC93-4AA7-92FC-6FCB23701790}
		{AEC246A1-91CB-4414-9BC7-87D63D47E3B0} = {F0944B2B-CC93-4AA7-92FC-6FCB23701790}
		{C29CAA62-A324-48B2-90C3-794013C35B52} = {F0944B2B-CC93-4AA7-92FC-6FCB23701790}
		{B996A7AA-D3C8-4EF4-81CD-0412D21D0DCE} = {B9BDD7EC-4A4B-49D7-8211-B4484E95DF67}
		{E61AA9CA-6F8C-4A34-9FDB-5EAB5B61FB64} = {B9BDD7EC-4A4B-49D7-8211-B4484E95DF67}
		{9E140C0C-CDE7-4CC3-832A-76906E27B978} = {B9BDD7EC-4A4B-49D7-8211-B4484E95DF67}
		{3F3DBF5C-7A9B-494A-8215-D84CAC9FD370} = {B9BDD7EC-4A4B-49D7-8211-B4484E95DF67}
		{287A8056-3989-4024-9D71-F1600BDC5288} = {B9BDD7EC-4A4B-49D7-8211-B4484E95DF67}
		{612629F3-80ED-4E35-9680-8B17FBEFC02A} = {B9BDD7EC-4A4B-49D7-8211-B4484E95DF67}
		{2DBFFD80-F022-43CB-986B-8FFA81E0D547} = {B9BDD7EC-4A4B-49D7-8211-B4484E95DF67}
		{AD9D15E9-6971-4BD2-8908-B0070DA359F4} = {B9BDD7EC-4A4B-49D7-8211-B4484E95DF67}
		{5D60597E-DABE-46EE-8733-A86DA81AEE89} = {B9BDD7EC-4A4B-49D7-8211-B4484E95DF67}
		{C645E5AD-1251-4048-B1A9-1F8DE6C5AC25} = {B9BDD7EC-4A4B-49D7-8211-B4484E95DF67}
		{E86C1082-B627-46B4-B92B-E941395266D8} = {B9BDD7EC-4A4B-49D7-8211-B4484E95DF67}
		{7C3C3F1A-45E4-46E8-A71D-230CD164F177} = {B9BDD7EC-4A4B-49D7-8211-B4484E95DF67}
		{77F8D75A-5503-44F0-ABC1-92B3EF2577EA} = {B9BDD7EC-4A4B-49D7-8211-B4484E95DF67}
		{69A1D482-9960-4606-9E85-26FB2E679AE8} = {B9BDD7EC-4A4B-49D7-8211-B4484E95DF67}
		{839849E6-999E-4643-B6CC-25CA8D854F9F} = {B9BDD7EC-4A4B-49D7-8211-B4484E95DF67}
		{F963E2C4-3743-4263-8BFF-EB29A633FF3D} = {6CD05DB7-514F-40AD-859A-284999327CC9}
		{48EA721A-D978-423F-815F-DA10095AFD34} = {6CD05DB7-514F-40AD-859A-284999327CC9}
		{73DBC0DB-81EF-4CAA-B9CF-478080C262AB} = {6CD05DB7-514F-40AD-859A-284999327CC9}
		{6CD05DB7-514F-40AD-859A-284999327CC9} = {ABFF1733-0C57-4380-861E-720A0A1EF248}
		{B9BDD7EC-4A4B-49D7-8211-B4484E95DF67} = {ABFF1733-0C57-4380-861E-720A0A1EF248}
		{1B56618A-9CCA-4980-976A-2871612E3150} = {6CD05DB7-514F-40AD-859A-284999327CC9}
		{7366C249-E650-48DF-BCC7-B54550D9E98A} = {6CD05DB7-514F-40AD-859A-284999327CC9}
		{2C265E53-D564-43F6-92FB-F47F98E5D84F} = {6CD05DB7-514F-40AD-859A-284999327CC9}
		{99DAC8A4-AD5B-45A7-9905-EBC899D706F3} = {6CD05DB7-514F-40AD-859A-284999327CC9}
		{578BB108-57FF-443A-8475-103AFA30E710} = {6CD05DB7-514F-40AD-859A-284999327CC9}
		{2E4C0B95-C277-4A92-92BE-8137B6D0E67C} = {6CD05DB7-514F-40AD-859A-284999327CC9}
		{2D98F455-2DEB-48ED-BCA6-A18D476872B7} = {6CD05DB7-514F-40AD-859A-284999327CC9}
		{4BD236C2-94B7-42F5-AE7E-78410B671CCB} = {6CD05DB7-514F-40AD-859A-284999327CC9}
		{07F81149-CB37-4FFE-B8E0-383AC806B42B} = {6CD05DB7-514F-40AD-859A-284999327CC9}
		{600723D6-D559-4E2E-9D3C-ED0E433569A3} = {6CD05DB7-514F-40AD-859A-284999327CC9}
		{BF5AE1D6-0366-45C1-A246-E38D2014D78C} = {6CD05DB7-514F-40AD-859A-284999327CC9}
		{5E88D62B-7E6D-4889-915D-CD2CE17AFC8F} = {6CD05DB7-514F-40AD-859A-284999327CC9}
		{B5B8CC12-F280-4490-9311-63076D7974D8} = {6CD05DB7-514F-40AD-859A-284999327CC9}
		{9AE1E98C-4576-445E-A429-45E090DD780A} = {6CD05DB7-514F-40AD-859A-284999327CC9}
		{1109E0E4-ABE7-4DA2-AA33-5DE575F4FE7A} = {6CD05DB7-514F-40AD-859A-284999327CC9}
		{77EE7624-39BE-4629-A3F2-5336DD4B71DF} = {ABFF1733-0C57-4380-861E-720A0A1EF248}
		{D952944C-A22B-40EF-ABCB-12AFD2E12372} = {77EE7624-39BE-4629-A3F2-5336DD4B71DF}
		{443704E0-0C81-444D-A43A-446B0E6FFE9F} = {77EE7624-39BE-4629-A3F2-5336DD4B71DF}
		{9CD7E0AF-FA44-4292-B7FB-03745EEB586B} = {77EE7624-39BE-4629-A3F2-5336DD4B71DF}
		{3469864E-BB5E-4E60-A94E-2C6B713AF645} = {77EE7624-39BE-4629-A3F2-5336DD4B71DF}
		{20F2BA30-65F7-449D-A49A-343FB391EEB8} = {77EE7624-39BE-4629-A3F2-5336DD4B71DF}
		{7DDCCB32-6E74-44CC-AEEA-BB76F297937B} = {77EE7624-39BE-4629-A3F2-5336DD4B71DF}
		{ADCCB187-C603-4DD4-85B2-250CD736C73E} = {ABFF1733-0C57-4380-861E-720A0A1EF248}
		{2FD409FC-782D-4DD2-B82E-059D3E3456FF} = {ADCCB187-C603-4DD4-85B2-250CD736C73E}
		{78D6CAF6-4E78-4A13-8348-EA54F232715D} = {ADCCB187-C603-4DD4-85B2-250CD736C73E}
		{D32E6440-7F53-4443-80DD-33DC9FBFFBF6} = {ADCCB187-C603-4DD4-85B2-250CD736C73E}
		{66484CA8-09BB-4C23-8D62-24AA8579FBC1} = {ADCCB187-C603-4DD4-85B2-250CD736C73E}
		{392BED18-47B3-4C1A-9300-6E160B2369B7} = {ADCCB187-C603-4DD4-85B2-250CD736C73E}
		{48F1E467-87AF-4031-AF0C-E34B83FECE75} = {ADCCB187-C603-4DD4-85B2-250CD736C73E}
		{F4FCFC60-6EE0-4F30-AB17-96505D2B9C41} = {ADCCB187-C603-4DD4-85B2-250CD736C73E}
		{A284C758-E775-467D-BAEB-D9EDD8227534} = {ADCCB187-C603-4DD4-85B2-250CD736C73E}
		{E6374BDE-5477-4BDD-A07C-5A8F4525B8D6} = {ADCCB187-C603-4DD4-85B2-250CD736C73E}
		{AE8431A4-59B0-4B90-AA75-55FD3A79A2EF} = {3B651D0D-101F-4E9E-BE73-0111A55B37E8}
		{C75DB39B-8D45-4C35-93B8-2E154673D438} = {3B651D0D-101F-4E9E-BE73-0111A55B37E8}
		{0C6E1626-7EFE-40BC-BEAA-E932FF37F282} = {3B651D0D-101F-4E9E-BE73-0111A55B37E8}
		{6AEAE850-0FB3-427E-B027-357355CBCC7E} = {3B651D0D-101F-4E9E-BE73-0111A55B37E8}
	EndGlobalSection
	GlobalSection(ExtensibilityGlobals) = postSolution
		SolutionGuid = {439B0981-BDEE-454C-A04D-943652831058}
	EndGlobalSection
EndGlobal
